// !$*UTF8*$!
{
	archiveVersion = 1;
	classes = {
	};
	objectVersion = 46;
	objects = {

/* Begin PBXBuildFile section */
		09837CCC968E68E5101481E7 /* libPods-VBMathParserExamples.a in Frameworks */ = {isa = PBXBuildFile; fileRef = F7C9ECEBA269A8D001934079 /* libPods-VBMathParserExamples.a */; };
		5B2DC8C01CCBC542004E3B3F /* VBMathParserDefaultLexicalAnalyzerTests.m in Sources */ = {isa = PBXBuildFile; fileRef = 5B47C1801CC3BC7E007333DE /* VBMathParserDefaultLexicalAnalyzerTests.m */; };
		5B2DC8C11CCBC544004E3B3F /* VBMathParserDefaultTokenFactoryTests.m in Sources */ = {isa = PBXBuildFile; fileRef = 5B47C1821CC3BCF8007333DE /* VBMathParserDefaultTokenFactoryTests.m */; };
		5B34B5471C95A47B00270828 /* VBMathParserDefaultRPNCalculator.m in Sources */ = {isa = PBXBuildFile; fileRef = 5B34B4F61C95A47B00270828 /* VBMathParserDefaultRPNCalculator.m */; };
		5B34B5481C95A47B00270828 /* VBMathParserDefaultLexicalAnalyzer.m in Sources */ = {isa = PBXBuildFile; fileRef = 5B34B4F91C95A47B00270828 /* VBMathParserDefaultLexicalAnalyzer.m */; };
		5B34B5491C95A47B00270828 /* VBMathParserDefaultTokenFactory.m in Sources */ = {isa = PBXBuildFile; fileRef = 5B34B4FB1C95A47B00270828 /* VBMathParserDefaultTokenFactory.m */; };
		5B34B54A1C95A47B00270828 /* VBMathParserDefaultSyntaxAnalyzer.m in Sources */ = {isa = PBXBuildFile; fileRef = 5B34B4FF1C95A47B00270828 /* VBMathParserDefaultSyntaxAnalyzer.m */; };
		5B34B54B1C95A47B00270828 /* VBMathParserBracketNotClosedException.m in Sources */ = {isa = PBXBuildFile; fileRef = 5B34B5021C95A47B00270828 /* VBMathParserBracketNotClosedException.m */; };
		5B34B54C1C95A47B00270828 /* VBMathParserBracketNotOpenedException.m in Sources */ = {isa = PBXBuildFile; fileRef = 5B34B5041C95A47B00270828 /* VBMathParserBracketNotOpenedException.m */; };
		5B34B54D1C95A47B00270828 /* VBMathParserMissingTokenException.m in Sources */ = {isa = PBXBuildFile; fileRef = 5B34B5061C95A47B00270828 /* VBMathParserMissingTokenException.m */; };
		5B34B54E1C95A47B00270828 /* VBMathParserMissingValueForVarException.m in Sources */ = {isa = PBXBuildFile; fileRef = 5B34B5081C95A47B00270828 /* VBMathParserMissingValueForVarException.m */; };
		5B34B5501C95A47B00270828 /* VBMathParserUnknownTokenException.m in Sources */ = {isa = PBXBuildFile; fileRef = 5B34B50C1C95A47B00270828 /* VBMathParserUnknownTokenException.m */; };
		5B34B5511C95A47B00270828 /* VBMathParserVarIsNotStringException.m in Sources */ = {isa = PBXBuildFile; fileRef = 5B34B50E1C95A47B00270828 /* VBMathParserVarIsNotStringException.m */; };
		5B34B5521C95A47B00270828 /* VBMathParserVarIsNotValidException.m in Sources */ = {isa = PBXBuildFile; fileRef = 5B34B5101C95A47B00270828 /* VBMathParserVarIsNotValidException.m */; };
		5B34B5531C95A47B00270828 /* VBMathParserTokenFunction.m in Sources */ = {isa = PBXBuildFile; fileRef = 5B34B5151C95A47B00270828 /* VBMathParserTokenFunction.m */; };
		5B34B5541C95A47B00270828 /* VBMathParserTokenFunctionAbs.m in Sources */ = {isa = PBXBuildFile; fileRef = 5B34B5171C95A47B00270828 /* VBMathParserTokenFunctionAbs.m */; };
		5B34B5551C95A47B00270828 /* VBMathParserTokenFunctionCos.m in Sources */ = {isa = PBXBuildFile; fileRef = 5B34B5191C95A47B00270828 /* VBMathParserTokenFunctionCos.m */; };
		5B34B5561C95A47B00270828 /* VBMathParserTokenFunctionSin.m in Sources */ = {isa = PBXBuildFile; fileRef = 5B34B51B1C95A47B00270828 /* VBMathParserTokenFunctionSin.m */; };
		5B34B5571C95A47B00270828 /* VBMathParserTokenFunctionTan.m in Sources */ = {isa = PBXBuildFile; fileRef = 5B34B51D1C95A47B00270828 /* VBMathParserTokenFunctionTan.m */; };
		5B34B5581C95A47B00270828 /* VBMathParserTokenOperation.m in Sources */ = {isa = PBXBuildFile; fileRef = 5B34B5201C95A47B00270828 /* VBMathParserTokenOperation.m */; };
		5B34B5591C95A47B00270828 /* VBMathParserTokenOperationAddition.m in Sources */ = {isa = PBXBuildFile; fileRef = 5B34B5221C95A47B00270828 /* VBMathParserTokenOperationAddition.m */; };
		5B34B55A1C95A47B00270828 /* VBMathParserTokenOperationDivision.m in Sources */ = {isa = PBXBuildFile; fileRef = 5B34B5241C95A47B00270828 /* VBMathParserTokenOperationDivision.m */; };
		5B34B55B1C95A47B00270828 /* VBMathParserTokenOperationMultiplication.m in Sources */ = {isa = PBXBuildFile; fileRef = 5B34B5261C95A47B00270828 /* VBMathParserTokenOperationMultiplication.m */; };
		5B34B55C1C95A47B00270828 /* VBMathParserTokenOperationPower.m in Sources */ = {isa = PBXBuildFile; fileRef = 5B34B5281C95A47B00270828 /* VBMathParserTokenOperationPower.m */; };
		5B34B55D1C95A47B00270828 /* VBMathParserTokenOperationSubstraction.m in Sources */ = {isa = PBXBuildFile; fileRef = 5B34B52A1C95A47B00270828 /* VBMathParserTokenOperationSubstraction.m */; };
		5B34B55E1C95A47B00270828 /* VBMathParserTokenAction.m in Sources */ = {isa = PBXBuildFile; fileRef = 5B34B52C1C95A47B00270828 /* VBMathParserTokenAction.m */; };
		5B34B55F1C95A47B00270828 /* VBMathParserTokenConst.m in Sources */ = {isa = PBXBuildFile; fileRef = 5B34B52F1C95A47B00270828 /* VBMathParserTokenConst.m */; };
		5B34B5601C95A47B00270828 /* VBMathParserTokenConstPi.m in Sources */ = {isa = PBXBuildFile; fileRef = 5B34B5311C95A47B00270828 /* VBMathParserTokenConstPi.m */; };
		5B34B5611C95A47B00270828 /* VBMathParserTokenNumber.m in Sources */ = {isa = PBXBuildFile; fileRef = 5B34B5341C95A47B00270828 /* VBMathParserTokenNumber.m */; };
		5B34B5621C95A47B00270828 /* VBMathParserTokenString.m in Sources */ = {isa = PBXBuildFile; fileRef = 5B34B5361C95A47B00270828 /* VBMathParserTokenString.m */; };
		5B34B5631C95A47B00270828 /* VBMathParserTokenVar.m in Sources */ = {isa = PBXBuildFile; fileRef = 5B34B5381C95A47B00270828 /* VBMathParserTokenVar.m */; };
		5B34B5641C95A47B00270828 /* VBMathParserTokenSpecial.m in Sources */ = {isa = PBXBuildFile; fileRef = 5B34B53B1C95A47B00270828 /* VBMathParserTokenSpecial.m */; };
		5B34B5651C95A47B00270828 /* VBMathParserTokenSpecialBracketClose.m in Sources */ = {isa = PBXBuildFile; fileRef = 5B34B53D1C95A47B00270828 /* VBMathParserTokenSpecialBracketClose.m */; };
		5B34B5661C95A47B00270828 /* VBMathParserTokenSpecialBracketOpen.m in Sources */ = {isa = PBXBuildFile; fileRef = 5B34B53F1C95A47B00270828 /* VBMathParserTokenSpecialBracketOpen.m */; };
		5B34B5671C95A47B00270828 /* VBMathParserToken.m in Sources */ = {isa = PBXBuildFile; fileRef = 5B34B5411C95A47B00270828 /* VBMathParserToken.m */; };
		5B34B5681C95A47B00270828 /* VBMathParser.m in Sources */ = {isa = PBXBuildFile; fileRef = 5B34B5431C95A47B00270828 /* VBMathParser.m */; };
		5B76278218D5D0A1009FF7E2 /* Foundation.framework in Frameworks */ = {isa = PBXBuildFile; fileRef = 5B76278118D5D0A1009FF7E2 /* Foundation.framework */; };
		5B76278418D5D0A1009FF7E2 /* CoreGraphics.framework in Frameworks */ = {isa = PBXBuildFile; fileRef = 5B76278318D5D0A1009FF7E2 /* CoreGraphics.framework */; };
		5B76278618D5D0A1009FF7E2 /* UIKit.framework in Frameworks */ = {isa = PBXBuildFile; fileRef = 5B76278518D5D0A1009FF7E2 /* UIKit.framework */; };
		5B76278C18D5D0A1009FF7E2 /* InfoPlist.strings in Resources */ = {isa = PBXBuildFile; fileRef = 5B76278A18D5D0A1009FF7E2 /* InfoPlist.strings */; };
		5B76278E18D5D0A1009FF7E2 /* main.m in Sources */ = {isa = PBXBuildFile; fileRef = 5B76278D18D5D0A1009FF7E2 /* main.m */; };
		5B76279218D5D0A1009FF7E2 /* VBAppDelegate.m in Sources */ = {isa = PBXBuildFile; fileRef = 5B76279118D5D0A1009FF7E2 /* VBAppDelegate.m */; };
		5B76279418D5D0A1009FF7E2 /* Images.xcassets in Resources */ = {isa = PBXBuildFile; fileRef = 5B76279318D5D0A1009FF7E2 /* Images.xcassets */; };
		5BC6D2B21CCCC3DA00B142DE /* VBMathParserDefaultSyntaxAnalyzerTests.m in Sources */ = {isa = PBXBuildFile; fileRef = 5BC6D2B11CCCC3DA00B142DE /* VBMathParserDefaultSyntaxAnalyzerTests.m */; };
		5BC6D2B41CCCDAD900B142DE /* VBMathParserDefaultRPNCalculatorTests.m in Sources */ = {isa = PBXBuildFile; fileRef = 5BC6D2B31CCCDAD900B142DE /* VBMathParserDefaultRPNCalculatorTests.m */; };
		5BC6D2B51CCCE2EC00B142DE /* VBMathParserTests.m in Sources */ = {isa = PBXBuildFile; fileRef = 5B76281718D5FD9A009FF7E2 /* VBMathParserTests.m */; };
		5BC6D2B71CCCEBD400B142DE /* VBMathParserTokenTests.m in Sources */ = {isa = PBXBuildFile; fileRef = 5BC6D2B61CCCEBD400B142DE /* VBMathParserTokenTests.m */; };
		AEB4214BB5EA71D1DE8343A0 /* libPods-VBMathParserExamplesTests.a in Frameworks */ = {isa = PBXBuildFile; fileRef = 0FE83048C589ED9BC753EF6B /* libPods-VBMathParserExamplesTests.a */; };
/* End PBXBuildFile section */

/* Begin PBXContainerItemProxy section */
		5B2DC8BB1CCBC4E5004E3B3F /* PBXContainerItemProxy */ = {
			isa = PBXContainerItemProxy;
			containerPortal = 5B76277618D5D0A1009FF7E2 /* Project object */;
			proxyType = 1;
			remoteGlobalIDString = 5B76277D18D5D0A1009FF7E2;
			remoteInfo = VBMathParserExamples;
		};
/* End PBXContainerItemProxy section */

/* Begin PBXFileReference section */
		01E2E82861AB0B220C3116B8 /* Pods.debug.xcconfig */ = {isa = PBXFileReference; includeInIndex = 1; lastKnownFileType = text.xcconfig; name = Pods.debug.xcconfig; path = "Pods/Target Support Files/Pods/Pods.debug.xcconfig"; sourceTree = "<group>"; };
		051B2E4CEFFB1DC6F19BAD7A /* libPods-VBMathParserExamples-VBMathParserExamplesTests.a */ = {isa = PBXFileReference; explicitFileType = archive.ar; includeInIndex = 0; path = "libPods-VBMathParserExamples-VBMathParserExamplesTests.a"; sourceTree = BUILT_PRODUCTS_DIR; };
		0FE83048C589ED9BC753EF6B /* libPods-VBMathParserExamplesTests.a */ = {isa = PBXFileReference; explicitFileType = archive.ar; includeInIndex = 0; path = "libPods-VBMathParserExamplesTests.a"; sourceTree = BUILT_PRODUCTS_DIR; };
		1D7686AE4441104F09BA05E4 /* Pods-VBMathParserExamples.release.xcconfig */ = {isa = PBXFileReference; includeInIndex = 1; lastKnownFileType = text.xcconfig; name = "Pods-VBMathParserExamples.release.xcconfig"; path = "Pods/Target Support Files/Pods-VBMathParserExamples/Pods-VBMathParserExamples.release.xcconfig"; sourceTree = "<group>"; };
		2C2750AE3F7D8B5EFEFABADD /* Pods.release.xcconfig */ = {isa = PBXFileReference; includeInIndex = 1; lastKnownFileType = text.xcconfig; name = Pods.release.xcconfig; path = "Pods/Target Support Files/Pods/Pods.release.xcconfig"; sourceTree = "<group>"; };
		32C7FC6B662772B2E27CB56B /* libPods.a */ = {isa = PBXFileReference; explicitFileType = archive.ar; includeInIndex = 0; path = libPods.a; sourceTree = BUILT_PRODUCTS_DIR; };
		36B804965A9E81F51C97C2D6 /* Pods-VBMathParserExamplesTests.debug.xcconfig */ = {isa = PBXFileReference; includeInIndex = 1; lastKnownFileType = text.xcconfig; name = "Pods-VBMathParserExamplesTests.debug.xcconfig"; path = "Pods/Target Support Files/Pods-VBMathParserExamplesTests/Pods-VBMathParserExamplesTests.debug.xcconfig"; sourceTree = "<group>"; };
		4E3780637122D7734BFBF8F3 /* Pods-VBMathParserExamplesTests.release.xcconfig */ = {isa = PBXFileReference; includeInIndex = 1; lastKnownFileType = text.xcconfig; name = "Pods-VBMathParserExamplesTests.release.xcconfig"; path = "Pods/Target Support Files/Pods-VBMathParserExamplesTests/Pods-VBMathParserExamplesTests.release.xcconfig"; sourceTree = "<group>"; };
		5B2DC8B61CCBC4E4004E3B3F /* VBMathParserExamplesTests.xctest */ = {isa = PBXFileReference; explicitFileType = wrapper.cfbundle; includeInIndex = 0; path = VBMathParserExamplesTests.xctest; sourceTree = BUILT_PRODUCTS_DIR; };
		5B34B4F51C95A47B00270828 /* VBMathParserDefaultRPNCalculator.h */ = {isa = PBXFileReference; fileEncoding = 4; lastKnownFileType = sourcecode.c.h; path = VBMathParserDefaultRPNCalculator.h; sourceTree = "<group>"; };
		5B34B4F61C95A47B00270828 /* VBMathParserDefaultRPNCalculator.m */ = {isa = PBXFileReference; fileEncoding = 4; lastKnownFileType = sourcecode.c.objc; path = VBMathParserDefaultRPNCalculator.m; sourceTree = "<group>"; };
		5B34B4F81C95A47B00270828 /* VBMathParserDefaultLexicalAnalyzer.h */ = {isa = PBXFileReference; fileEncoding = 4; lastKnownFileType = sourcecode.c.h; path = VBMathParserDefaultLexicalAnalyzer.h; sourceTree = "<group>"; };
		5B34B4F91C95A47B00270828 /* VBMathParserDefaultLexicalAnalyzer.m */ = {isa = PBXFileReference; fileEncoding = 4; lastKnownFileType = sourcecode.c.objc; path = VBMathParserDefaultLexicalAnalyzer.m; sourceTree = "<group>"; };
		5B34B4FA1C95A47B00270828 /* VBMathParserDefaultTokenFactory.h */ = {isa = PBXFileReference; fileEncoding = 4; lastKnownFileType = sourcecode.c.h; path = VBMathParserDefaultTokenFactory.h; sourceTree = "<group>"; };
		5B34B4FB1C95A47B00270828 /* VBMathParserDefaultTokenFactory.m */ = {isa = PBXFileReference; fileEncoding = 4; lastKnownFileType = sourcecode.c.objc; path = VBMathParserDefaultTokenFactory.m; sourceTree = "<group>"; };
		5B34B4FC1C95A47B00270828 /* VBMathParserTokenFactory.h */ = {isa = PBXFileReference; fileEncoding = 4; lastKnownFileType = sourcecode.c.h; path = VBMathParserTokenFactory.h; sourceTree = "<group>"; };
		5B34B4FE1C95A47B00270828 /* VBMathParserDefaultSyntaxAnalyzer.h */ = {isa = PBXFileReference; fileEncoding = 4; lastKnownFileType = sourcecode.c.h; path = VBMathParserDefaultSyntaxAnalyzer.h; sourceTree = "<group>"; };
		5B34B4FF1C95A47B00270828 /* VBMathParserDefaultSyntaxAnalyzer.m */ = {isa = PBXFileReference; fileEncoding = 4; lastKnownFileType = sourcecode.c.objc; path = VBMathParserDefaultSyntaxAnalyzer.m; sourceTree = "<group>"; };
		5B34B5011C95A47B00270828 /* VBMathParserBracketNotClosedException.h */ = {isa = PBXFileReference; fileEncoding = 4; lastKnownFileType = sourcecode.c.h; path = VBMathParserBracketNotClosedException.h; sourceTree = "<group>"; };
		5B34B5021C95A47B00270828 /* VBMathParserBracketNotClosedException.m */ = {isa = PBXFileReference; fileEncoding = 4; lastKnownFileType = sourcecode.c.objc; path = VBMathParserBracketNotClosedException.m; sourceTree = "<group>"; };
		5B34B5031C95A47B00270828 /* VBMathParserBracketNotOpenedException.h */ = {isa = PBXFileReference; fileEncoding = 4; lastKnownFileType = sourcecode.c.h; path = VBMathParserBracketNotOpenedException.h; sourceTree = "<group>"; };
		5B34B5041C95A47B00270828 /* VBMathParserBracketNotOpenedException.m */ = {isa = PBXFileReference; fileEncoding = 4; lastKnownFileType = sourcecode.c.objc; path = VBMathParserBracketNotOpenedException.m; sourceTree = "<group>"; };
		5B34B5051C95A47B00270828 /* VBMathParserMissingTokenException.h */ = {isa = PBXFileReference; fileEncoding = 4; lastKnownFileType = sourcecode.c.h; path = VBMathParserMissingTokenException.h; sourceTree = "<group>"; };
		5B34B5061C95A47B00270828 /* VBMathParserMissingTokenException.m */ = {isa = PBXFileReference; fileEncoding = 4; lastKnownFileType = sourcecode.c.objc; path = VBMathParserMissingTokenException.m; sourceTree = "<group>"; };
		5B34B5071C95A47B00270828 /* VBMathParserMissingValueForVarException.h */ = {isa = PBXFileReference; fileEncoding = 4; lastKnownFileType = sourcecode.c.h; path = VBMathParserMissingValueForVarException.h; sourceTree = "<group>"; };
		5B34B5081C95A47B00270828 /* VBMathParserMissingValueForVarException.m */ = {isa = PBXFileReference; fileEncoding = 4; lastKnownFileType = sourcecode.c.objc; path = VBMathParserMissingValueForVarException.m; sourceTree = "<group>"; };
		5B34B50B1C95A47B00270828 /* VBMathParserUnknownTokenException.h */ = {isa = PBXFileReference; fileEncoding = 4; lastKnownFileType = sourcecode.c.h; path = VBMathParserUnknownTokenException.h; sourceTree = "<group>"; };
		5B34B50C1C95A47B00270828 /* VBMathParserUnknownTokenException.m */ = {isa = PBXFileReference; fileEncoding = 4; lastKnownFileType = sourcecode.c.objc; path = VBMathParserUnknownTokenException.m; sourceTree = "<group>"; };
		5B34B50D1C95A47B00270828 /* VBMathParserVarIsNotStringException.h */ = {isa = PBXFileReference; fileEncoding = 4; lastKnownFileType = sourcecode.c.h; path = VBMathParserVarIsNotStringException.h; sourceTree = "<group>"; };
		5B34B50E1C95A47B00270828 /* VBMathParserVarIsNotStringException.m */ = {isa = PBXFileReference; fileEncoding = 4; lastKnownFileType = sourcecode.c.objc; path = VBMathParserVarIsNotStringException.m; sourceTree = "<group>"; };
		5B34B50F1C95A47B00270828 /* VBMathParserVarIsNotValidException.h */ = {isa = PBXFileReference; fileEncoding = 4; lastKnownFileType = sourcecode.c.h; path = VBMathParserVarIsNotValidException.h; sourceTree = "<group>"; };
		5B34B5101C95A47B00270828 /* VBMathParserVarIsNotValidException.m */ = {isa = PBXFileReference; fileEncoding = 4; lastKnownFileType = sourcecode.c.objc; path = VBMathParserVarIsNotValidException.m; sourceTree = "<group>"; };
		5B34B5141C95A47B00270828 /* VBMathParserTokenFunction.h */ = {isa = PBXFileReference; fileEncoding = 4; lastKnownFileType = sourcecode.c.h; path = VBMathParserTokenFunction.h; sourceTree = "<group>"; };
		5B34B5151C95A47B00270828 /* VBMathParserTokenFunction.m */ = {isa = PBXFileReference; fileEncoding = 4; lastKnownFileType = sourcecode.c.objc; path = VBMathParserTokenFunction.m; sourceTree = "<group>"; };
		5B34B5161C95A47B00270828 /* VBMathParserTokenFunctionAbs.h */ = {isa = PBXFileReference; fileEncoding = 4; lastKnownFileType = sourcecode.c.h; path = VBMathParserTokenFunctionAbs.h; sourceTree = "<group>"; };
		5B34B5171C95A47B00270828 /* VBMathParserTokenFunctionAbs.m */ = {isa = PBXFileReference; fileEncoding = 4; lastKnownFileType = sourcecode.c.objc; path = VBMathParserTokenFunctionAbs.m; sourceTree = "<group>"; };
		5B34B5181C95A47B00270828 /* VBMathParserTokenFunctionCos.h */ = {isa = PBXFileReference; fileEncoding = 4; lastKnownFileType = sourcecode.c.h; path = VBMathParserTokenFunctionCos.h; sourceTree = "<group>"; };
		5B34B5191C95A47B00270828 /* VBMathParserTokenFunctionCos.m */ = {isa = PBXFileReference; fileEncoding = 4; lastKnownFileType = sourcecode.c.objc; path = VBMathParserTokenFunctionCos.m; sourceTree = "<group>"; };
		5B34B51A1C95A47B00270828 /* VBMathParserTokenFunctionSin.h */ = {isa = PBXFileReference; fileEncoding = 4; lastKnownFileType = sourcecode.c.h; path = VBMathParserTokenFunctionSin.h; sourceTree = "<group>"; };
		5B34B51B1C95A47B00270828 /* VBMathParserTokenFunctionSin.m */ = {isa = PBXFileReference; fileEncoding = 4; lastKnownFileType = sourcecode.c.objc; path = VBMathParserTokenFunctionSin.m; sourceTree = "<group>"; };
		5B34B51C1C95A47B00270828 /* VBMathParserTokenFunctionTan.h */ = {isa = PBXFileReference; fileEncoding = 4; lastKnownFileType = sourcecode.c.h; path = VBMathParserTokenFunctionTan.h; sourceTree = "<group>"; };
		5B34B51D1C95A47B00270828 /* VBMathParserTokenFunctionTan.m */ = {isa = PBXFileReference; fileEncoding = 4; lastKnownFileType = sourcecode.c.objc; path = VBMathParserTokenFunctionTan.m; sourceTree = "<group>"; };
		5B34B51F1C95A47B00270828 /* VBMathParserTokenOperation.h */ = {isa = PBXFileReference; fileEncoding = 4; lastKnownFileType = sourcecode.c.h; path = VBMathParserTokenOperation.h; sourceTree = "<group>"; };
		5B34B5201C95A47B00270828 /* VBMathParserTokenOperation.m */ = {isa = PBXFileReference; fileEncoding = 4; lastKnownFileType = sourcecode.c.objc; path = VBMathParserTokenOperation.m; sourceTree = "<group>"; };
		5B34B5211C95A47B00270828 /* VBMathParserTokenOperationAddition.h */ = {isa = PBXFileReference; fileEncoding = 4; lastKnownFileType = sourcecode.c.h; path = VBMathParserTokenOperationAddition.h; sourceTree = "<group>"; };
		5B34B5221C95A47B00270828 /* VBMathParserTokenOperationAddition.m */ = {isa = PBXFileReference; fileEncoding = 4; lastKnownFileType = sourcecode.c.objc; path = VBMathParserTokenOperationAddition.m; sourceTree = "<group>"; };
		5B34B5231C95A47B00270828 /* VBMathParserTokenOperationDivision.h */ = {isa = PBXFileReference; fileEncoding = 4; lastKnownFileType = sourcecode.c.h; path = VBMathParserTokenOperationDivision.h; sourceTree = "<group>"; };
		5B34B5241C95A47B00270828 /* VBMathParserTokenOperationDivision.m */ = {isa = PBXFileReference; fileEncoding = 4; lastKnownFileType = sourcecode.c.objc; path = VBMathParserTokenOperationDivision.m; sourceTree = "<group>"; };
		5B34B5251C95A47B00270828 /* VBMathParserTokenOperationMultiplication.h */ = {isa = PBXFileReference; fileEncoding = 4; lastKnownFileType = sourcecode.c.h; path = VBMathParserTokenOperationMultiplication.h; sourceTree = "<group>"; };
		5B34B5261C95A47B00270828 /* VBMathParserTokenOperationMultiplication.m */ = {isa = PBXFileReference; fileEncoding = 4; lastKnownFileType = sourcecode.c.objc; path = VBMathParserTokenOperationMultiplication.m; sourceTree = "<group>"; };
		5B34B5271C95A47B00270828 /* VBMathParserTokenOperationPower.h */ = {isa = PBXFileReference; fileEncoding = 4; lastKnownFileType = sourcecode.c.h; path = VBMathParserTokenOperationPower.h; sourceTree = "<group>"; };
		5B34B5281C95A47B00270828 /* VBMathParserTokenOperationPower.m */ = {isa = PBXFileReference; fileEncoding = 4; lastKnownFileType = sourcecode.c.objc; path = VBMathParserTokenOperationPower.m; sourceTree = "<group>"; };
		5B34B5291C95A47B00270828 /* VBMathParserTokenOperationSubstraction.h */ = {isa = PBXFileReference; fileEncoding = 4; lastKnownFileType = sourcecode.c.h; path = VBMathParserTokenOperationSubstraction.h; sourceTree = "<group>"; };
		5B34B52A1C95A47B00270828 /* VBMathParserTokenOperationSubstraction.m */ = {isa = PBXFileReference; fileEncoding = 4; lastKnownFileType = sourcecode.c.objc; path = VBMathParserTokenOperationSubstraction.m; sourceTree = "<group>"; };
		5B34B52B1C95A47B00270828 /* VBMathParserTokenAction.h */ = {isa = PBXFileReference; fileEncoding = 4; lastKnownFileType = sourcecode.c.h; path = VBMathParserTokenAction.h; sourceTree = "<group>"; };
		5B34B52C1C95A47B00270828 /* VBMathParserTokenAction.m */ = {isa = PBXFileReference; fileEncoding = 4; lastKnownFileType = sourcecode.c.objc; path = VBMathParserTokenAction.m; sourceTree = "<group>"; };
		5B34B52E1C95A47B00270828 /* VBMathParserTokenConst.h */ = {isa = PBXFileReference; fileEncoding = 4; lastKnownFileType = sourcecode.c.h; path = VBMathParserTokenConst.h; sourceTree = "<group>"; };
		5B34B52F1C95A47B00270828 /* VBMathParserTokenConst.m */ = {isa = PBXFileReference; fileEncoding = 4; lastKnownFileType = sourcecode.c.objc; path = VBMathParserTokenConst.m; sourceTree = "<group>"; };
		5B34B5301C95A47B00270828 /* VBMathParserTokenConstPi.h */ = {isa = PBXFileReference; fileEncoding = 4; lastKnownFileType = sourcecode.c.h; path = VBMathParserTokenConstPi.h; sourceTree = "<group>"; };
		5B34B5311C95A47B00270828 /* VBMathParserTokenConstPi.m */ = {isa = PBXFileReference; fileEncoding = 4; lastKnownFileType = sourcecode.c.objc; path = VBMathParserTokenConstPi.m; sourceTree = "<group>"; };
		5B34B5331C95A47B00270828 /* VBMathParserTokenNumber.h */ = {isa = PBXFileReference; fileEncoding = 4; lastKnownFileType = sourcecode.c.h; path = VBMathParserTokenNumber.h; sourceTree = "<group>"; };
		5B34B5341C95A47B00270828 /* VBMathParserTokenNumber.m */ = {isa = PBXFileReference; fileEncoding = 4; lastKnownFileType = sourcecode.c.objc; path = VBMathParserTokenNumber.m; sourceTree = "<group>"; };
		5B34B5351C95A47B00270828 /* VBMathParserTokenString.h */ = {isa = PBXFileReference; fileEncoding = 4; lastKnownFileType = sourcecode.c.h; path = VBMathParserTokenString.h; sourceTree = "<group>"; };
		5B34B5361C95A47B00270828 /* VBMathParserTokenString.m */ = {isa = PBXFileReference; fileEncoding = 4; lastKnownFileType = sourcecode.c.objc; path = VBMathParserTokenString.m; sourceTree = "<group>"; };
		5B34B5371C95A47B00270828 /* VBMathParserTokenVar.h */ = {isa = PBXFileReference; fileEncoding = 4; lastKnownFileType = sourcecode.c.h; path = VBMathParserTokenVar.h; sourceTree = "<group>"; };
		5B34B5381C95A47B00270828 /* VBMathParserTokenVar.m */ = {isa = PBXFileReference; fileEncoding = 4; lastKnownFileType = sourcecode.c.objc; path = VBMathParserTokenVar.m; sourceTree = "<group>"; };
		5B34B53A1C95A47B00270828 /* VBMathParserTokenSpecial.h */ = {isa = PBXFileReference; fileEncoding = 4; lastKnownFileType = sourcecode.c.h; path = VBMathParserTokenSpecial.h; sourceTree = "<group>"; };
		5B34B53B1C95A47B00270828 /* VBMathParserTokenSpecial.m */ = {isa = PBXFileReference; fileEncoding = 4; lastKnownFileType = sourcecode.c.objc; path = VBMathParserTokenSpecial.m; sourceTree = "<group>"; };
		5B34B53C1C95A47B00270828 /* VBMathParserTokenSpecialBracketClose.h */ = {isa = PBXFileReference; fileEncoding = 4; lastKnownFileType = sourcecode.c.h; path = VBMathParserTokenSpecialBracketClose.h; sourceTree = "<group>"; };
		5B34B53D1C95A47B00270828 /* VBMathParserTokenSpecialBracketClose.m */ = {isa = PBXFileReference; fileEncoding = 4; lastKnownFileType = sourcecode.c.objc; path = VBMathParserTokenSpecialBracketClose.m; sourceTree = "<group>"; };
		5B34B53E1C95A47B00270828 /* VBMathParserTokenSpecialBracketOpen.h */ = {isa = PBXFileReference; fileEncoding = 4; lastKnownFileType = sourcecode.c.h; path = VBMathParserTokenSpecialBracketOpen.h; sourceTree = "<group>"; };
		5B34B53F1C95A47B00270828 /* VBMathParserTokenSpecialBracketOpen.m */ = {isa = PBXFileReference; fileEncoding = 4; lastKnownFileType = sourcecode.c.objc; path = VBMathParserTokenSpecialBracketOpen.m; sourceTree = "<group>"; };
		5B34B5401C95A47B00270828 /* VBMathParserToken.h */ = {isa = PBXFileReference; fileEncoding = 4; lastKnownFileType = sourcecode.c.h; path = VBMathParserToken.h; sourceTree = "<group>"; };
		5B34B5411C95A47B00270828 /* VBMathParserToken.m */ = {isa = PBXFileReference; fileEncoding = 4; lastKnownFileType = sourcecode.c.objc; path = VBMathParserToken.m; sourceTree = "<group>"; };
		5B34B5421C95A47B00270828 /* VBMathParser.h */ = {isa = PBXFileReference; fileEncoding = 4; lastKnownFileType = sourcecode.c.h; path = VBMathParser.h; sourceTree = "<group>"; };
		5B34B5431C95A47B00270828 /* VBMathParser.m */ = {isa = PBXFileReference; fileEncoding = 4; lastKnownFileType = sourcecode.c.objc; path = VBMathParser.m; sourceTree = "<group>"; };
		5B34B5441C95A47B00270828 /* VBMathParserCalculator.h */ = {isa = PBXFileReference; fileEncoding = 4; lastKnownFileType = sourcecode.c.h; path = VBMathParserCalculator.h; sourceTree = "<group>"; };
		5B34B5451C95A47B00270828 /* VBMathParserLexicalAnalyzer.h */ = {isa = PBXFileReference; fileEncoding = 4; lastKnownFileType = sourcecode.c.h; path = VBMathParserLexicalAnalyzer.h; sourceTree = "<group>"; };
		5B34B5461C95A47B00270828 /* VBMathParserSyntaxAnalyzer.h */ = {isa = PBXFileReference; fileEncoding = 4; lastKnownFileType = sourcecode.c.h; path = VBMathParserSyntaxAnalyzer.h; sourceTree = "<group>"; };
		5B47C1801CC3BC7E007333DE /* VBMathParserDefaultLexicalAnalyzerTests.m */ = {isa = PBXFileReference; fileEncoding = 4; lastKnownFileType = sourcecode.c.objc; path = VBMathParserDefaultLexicalAnalyzerTests.m; sourceTree = "<group>"; };
		5B47C1821CC3BCF8007333DE /* VBMathParserDefaultTokenFactoryTests.m */ = {isa = PBXFileReference; fileEncoding = 4; lastKnownFileType = sourcecode.c.objc; path = VBMathParserDefaultTokenFactoryTests.m; sourceTree = "<group>"; };
		5B76277E18D5D0A1009FF7E2 /* VBMathParserExamples.app */ = {isa = PBXFileReference; explicitFileType = wrapper.application; includeInIndex = 0; path = VBMathParserExamples.app; sourceTree = BUILT_PRODUCTS_DIR; };
		5B76278118D5D0A1009FF7E2 /* Foundation.framework */ = {isa = PBXFileReference; lastKnownFileType = wrapper.framework; name = Foundation.framework; path = System/Library/Frameworks/Foundation.framework; sourceTree = SDKROOT; };
		5B76278318D5D0A1009FF7E2 /* CoreGraphics.framework */ = {isa = PBXFileReference; lastKnownFileType = wrapper.framework; name = CoreGraphics.framework; path = System/Library/Frameworks/CoreGraphics.framework; sourceTree = SDKROOT; };
		5B76278518D5D0A1009FF7E2 /* UIKit.framework */ = {isa = PBXFileReference; lastKnownFileType = wrapper.framework; name = UIKit.framework; path = System/Library/Frameworks/UIKit.framework; sourceTree = SDKROOT; };
		5B76278918D5D0A1009FF7E2 /* VBMathParserExamples-Info.plist */ = {isa = PBXFileReference; lastKnownFileType = text.plist.xml; path = "VBMathParserExamples-Info.plist"; sourceTree = "<group>"; };
		5B76278B18D5D0A1009FF7E2 /* en */ = {isa = PBXFileReference; lastKnownFileType = text.plist.strings; name = en; path = en.lproj/InfoPlist.strings; sourceTree = "<group>"; };
		5B76278D18D5D0A1009FF7E2 /* main.m */ = {isa = PBXFileReference; lastKnownFileType = sourcecode.c.objc; path = main.m; sourceTree = "<group>"; };
		5B76278F18D5D0A1009FF7E2 /* VBMathParserExamples-Prefix.pch */ = {isa = PBXFileReference; lastKnownFileType = sourcecode.c.h; path = "VBMathParserExamples-Prefix.pch"; sourceTree = "<group>"; };
		5B76279018D5D0A1009FF7E2 /* VBAppDelegate.h */ = {isa = PBXFileReference; lastKnownFileType = sourcecode.c.h; path = VBAppDelegate.h; sourceTree = "<group>"; };
		5B76279118D5D0A1009FF7E2 /* VBAppDelegate.m */ = {isa = PBXFileReference; lastKnownFileType = sourcecode.c.objc; path = VBAppDelegate.m; sourceTree = "<group>"; };
		5B76279318D5D0A1009FF7E2 /* Images.xcassets */ = {isa = PBXFileReference; lastKnownFileType = folder.assetcatalog; path = Images.xcassets; sourceTree = "<group>"; };
		5B76279A18D5D0A2009FF7E2 /* XCTest.framework */ = {isa = PBXFileReference; lastKnownFileType = wrapper.framework; name = XCTest.framework; path = Library/Frameworks/XCTest.framework; sourceTree = DEVELOPER_DIR; };
		5B7627A218D5D0A2009FF7E2 /* VBMathParserExamplesTests-Info.plist */ = {isa = PBXFileReference; lastKnownFileType = text.plist.xml; path = "VBMathParserExamplesTests-Info.plist"; sourceTree = "<group>"; };
		5B7627A418D5D0A2009FF7E2 /* en */ = {isa = PBXFileReference; lastKnownFileType = text.plist.strings; name = en; path = en.lproj/InfoPlist.strings; sourceTree = "<group>"; };
		5B76281718D5FD9A009FF7E2 /* VBMathParserTests.m */ = {isa = PBXFileReference; fileEncoding = 4; lastKnownFileType = sourcecode.c.objc; path = VBMathParserTests.m; sourceTree = "<group>"; };
		5BC6D2B11CCCC3DA00B142DE /* VBMathParserDefaultSyntaxAnalyzerTests.m */ = {isa = PBXFileReference; fileEncoding = 4; lastKnownFileType = sourcecode.c.objc; path = VBMathParserDefaultSyntaxAnalyzerTests.m; sourceTree = "<group>"; };
		5BC6D2B31CCCDAD900B142DE /* VBMathParserDefaultRPNCalculatorTests.m */ = {isa = PBXFileReference; fileEncoding = 4; lastKnownFileType = sourcecode.c.objc; path = VBMathParserDefaultRPNCalculatorTests.m; sourceTree = "<group>"; };
		5BC6D2B61CCCEBD400B142DE /* VBMathParserTokenTests.m */ = {isa = PBXFileReference; fileEncoding = 4; lastKnownFileType = sourcecode.c.objc; path = VBMathParserTokenTests.m; sourceTree = "<group>"; };
		898A7FF5A1C49451B73EE837 /* Pods-VBMathParserExamples-VBMathParserExamplesTests.release.xcconfig */ = {isa = PBXFileReference; includeInIndex = 1; lastKnownFileType = text.xcconfig; name = "Pods-VBMathParserExamples-VBMathParserExamplesTests.release.xcconfig"; path = "Pods/Target Support Files/Pods-VBMathParserExamples-VBMathParserExamplesTests/Pods-VBMathParserExamples-VBMathParserExamplesTests.release.xcconfig"; sourceTree = "<group>"; };
		BA5BF569D494F59C7FBF587C /* Pods-VBMathParserExamples-VBMathParserExamplesTests.debug.xcconfig */ = {isa = PBXFileReference; includeInIndex = 1; lastKnownFileType = text.xcconfig; name = "Pods-VBMathParserExamples-VBMathParserExamplesTests.debug.xcconfig"; path = "Pods/Target Support Files/Pods-VBMathParserExamples-VBMathParserExamplesTests/Pods-VBMathParserExamples-VBMathParserExamplesTests.debug.xcconfig"; sourceTree = "<group>"; };
		F7C9ECEBA269A8D001934079 /* libPods-VBMathParserExamples.a */ = {isa = PBXFileReference; explicitFileType = archive.ar; includeInIndex = 0; path = "libPods-VBMathParserExamples.a"; sourceTree = BUILT_PRODUCTS_DIR; };
		FF819BE0D8FA08533A1EC5E8 /* Pods-VBMathParserExamples.debug.xcconfig */ = {isa = PBXFileReference; includeInIndex = 1; lastKnownFileType = text.xcconfig; name = "Pods-VBMathParserExamples.debug.xcconfig"; path = "Pods/Target Support Files/Pods-VBMathParserExamples/Pods-VBMathParserExamples.debug.xcconfig"; sourceTree = "<group>"; };
/* End PBXFileReference section */

/* Begin PBXFrameworksBuildPhase section */
		5B2DC8B31CCBC4E4004E3B3F /* Frameworks */ = {
			isa = PBXFrameworksBuildPhase;
			buildActionMask = 2147483647;
			files = (
				AEB4214BB5EA71D1DE8343A0 /* libPods-VBMathParserExamplesTests.a in Frameworks */,
			);
			runOnlyForDeploymentPostprocessing = 0;
		};
		5B76277B18D5D0A1009FF7E2 /* Frameworks */ = {
			isa = PBXFrameworksBuildPhase;
			buildActionMask = 2147483647;
			files = (
				5B76278418D5D0A1009FF7E2 /* CoreGraphics.framework in Frameworks */,
				5B76278618D5D0A1009FF7E2 /* UIKit.framework in Frameworks */,
				5B76278218D5D0A1009FF7E2 /* Foundation.framework in Frameworks */,
				09837CCC968E68E5101481E7 /* libPods-VBMathParserExamples.a in Frameworks */,
			);
			runOnlyForDeploymentPostprocessing = 0;
		};
/* End PBXFrameworksBuildPhase section */

/* Begin PBXGroup section */
		5B34B4F31C95A47B00270828 /* VBMathParser */ = {
			isa = PBXGroup;
			children = (
				5B34B4F41C95A47B00270828 /* DefaultCalculator */,
				5B34B4F71C95A47B00270828 /* DefaultLexicalAnalyzer */,
				5B34B4FD1C95A47B00270828 /* DefaultSyntaxAnalyzer */,
				5B34B5001C95A47B00270828 /* Exceptions */,
				5B34B5111C95A47B00270828 /* Tokens */,
				5B34B5421C95A47B00270828 /* VBMathParser.h */,
				5B34B5431C95A47B00270828 /* VBMathParser.m */,
				5B34B5441C95A47B00270828 /* VBMathParserCalculator.h */,
				5B34B5451C95A47B00270828 /* VBMathParserLexicalAnalyzer.h */,
				5B34B5461C95A47B00270828 /* VBMathParserSyntaxAnalyzer.h */,
			);
			name = VBMathParser;
			path = ../VBMathParser;
			sourceTree = "<group>";
		};
		5B34B4F41C95A47B00270828 /* DefaultCalculator */ = {
			isa = PBXGroup;
			children = (
				5B34B4F51C95A47B00270828 /* VBMathParserDefaultRPNCalculator.h */,
				5B34B4F61C95A47B00270828 /* VBMathParserDefaultRPNCalculator.m */,
			);
			path = DefaultCalculator;
			sourceTree = "<group>";
		};
		5B34B4F71C95A47B00270828 /* DefaultLexicalAnalyzer */ = {
			isa = PBXGroup;
			children = (
				5B34B4F81C95A47B00270828 /* VBMathParserDefaultLexicalAnalyzer.h */,
				5B34B4F91C95A47B00270828 /* VBMathParserDefaultLexicalAnalyzer.m */,
				5B34B4FA1C95A47B00270828 /* VBMathParserDefaultTokenFactory.h */,
				5B34B4FB1C95A47B00270828 /* VBMathParserDefaultTokenFactory.m */,
				5B34B4FC1C95A47B00270828 /* VBMathParserTokenFactory.h */,
			);
			path = DefaultLexicalAnalyzer;
			sourceTree = "<group>";
		};
		5B34B4FD1C95A47B00270828 /* DefaultSyntaxAnalyzer */ = {
			isa = PBXGroup;
			children = (
				5B34B4FE1C95A47B00270828 /* VBMathParserDefaultSyntaxAnalyzer.h */,
				5B34B4FF1C95A47B00270828 /* VBMathParserDefaultSyntaxAnalyzer.m */,
			);
			path = DefaultSyntaxAnalyzer;
			sourceTree = "<group>";
		};
		5B34B5001C95A47B00270828 /* Exceptions */ = {
			isa = PBXGroup;
			children = (
				5B34B5011C95A47B00270828 /* VBMathParserBracketNotClosedException.h */,
				5B34B5021C95A47B00270828 /* VBMathParserBracketNotClosedException.m */,
				5B34B5031C95A47B00270828 /* VBMathParserBracketNotOpenedException.h */,
				5B34B5041C95A47B00270828 /* VBMathParserBracketNotOpenedException.m */,
				5B34B5051C95A47B00270828 /* VBMathParserMissingTokenException.h */,
				5B34B5061C95A47B00270828 /* VBMathParserMissingTokenException.m */,
				5B34B5071C95A47B00270828 /* VBMathParserMissingValueForVarException.h */,
				5B34B5081C95A47B00270828 /* VBMathParserMissingValueForVarException.m */,
				5B34B50B1C95A47B00270828 /* VBMathParserUnknownTokenException.h */,
				5B34B50C1C95A47B00270828 /* VBMathParserUnknownTokenException.m */,
				5B34B50D1C95A47B00270828 /* VBMathParserVarIsNotStringException.h */,
				5B34B50E1C95A47B00270828 /* VBMathParserVarIsNotStringException.m */,
				5B34B50F1C95A47B00270828 /* VBMathParserVarIsNotValidException.h */,
				5B34B5101C95A47B00270828 /* VBMathParserVarIsNotValidException.m */,
			);
			path = Exceptions;
			sourceTree = "<group>";
		};
		5B34B5111C95A47B00270828 /* Tokens */ = {
			isa = PBXGroup;
			children = (
				5B34B5121C95A47B00270828 /* action */,
				5B34B52D1C95A47B00270828 /* const */,
				5B34B5321C95A47B00270828 /* number */,
				5B34B5391C95A47B00270828 /* special */,
				5B34B5401C95A47B00270828 /* VBMathParserToken.h */,
				5B34B5411C95A47B00270828 /* VBMathParserToken.m */,
			);
			path = Tokens;
			sourceTree = "<group>";
		};
		5B34B5121C95A47B00270828 /* action */ = {
			isa = PBXGroup;
			children = (
				5B34B5131C95A47B00270828 /* function */,
				5B34B51E1C95A47B00270828 /* operation */,
				5B34B52B1C95A47B00270828 /* VBMathParserTokenAction.h */,
				5B34B52C1C95A47B00270828 /* VBMathParserTokenAction.m */,
			);
			path = action;
			sourceTree = "<group>";
		};
		5B34B5131C95A47B00270828 /* function */ = {
			isa = PBXGroup;
			children = (
				5B34B5141C95A47B00270828 /* VBMathParserTokenFunction.h */,
				5B34B5151C95A47B00270828 /* VBMathParserTokenFunction.m */,
				5B34B5161C95A47B00270828 /* VBMathParserTokenFunctionAbs.h */,
				5B34B5171C95A47B00270828 /* VBMathParserTokenFunctionAbs.m */,
				5B34B5181C95A47B00270828 /* VBMathParserTokenFunctionCos.h */,
				5B34B5191C95A47B00270828 /* VBMathParserTokenFunctionCos.m */,
				5B34B51A1C95A47B00270828 /* VBMathParserTokenFunctionSin.h */,
				5B34B51B1C95A47B00270828 /* VBMathParserTokenFunctionSin.m */,
				5B34B51C1C95A47B00270828 /* VBMathParserTokenFunctionTan.h */,
				5B34B51D1C95A47B00270828 /* VBMathParserTokenFunctionTan.m */,
			);
			path = function;
			sourceTree = "<group>";
		};
		5B34B51E1C95A47B00270828 /* operation */ = {
			isa = PBXGroup;
			children = (
				5B34B51F1C95A47B00270828 /* VBMathParserTokenOperation.h */,
				5B34B5201C95A47B00270828 /* VBMathParserTokenOperation.m */,
				5B34B5211C95A47B00270828 /* VBMathParserTokenOperationAddition.h */,
				5B34B5221C95A47B00270828 /* VBMathParserTokenOperationAddition.m */,
				5B34B5231C95A47B00270828 /* VBMathParserTokenOperationDivision.h */,
				5B34B5241C95A47B00270828 /* VBMathParserTokenOperationDivision.m */,
				5B34B5251C95A47B00270828 /* VBMathParserTokenOperationMultiplication.h */,
				5B34B5261C95A47B00270828 /* VBMathParserTokenOperationMultiplication.m */,
				5B34B5271C95A47B00270828 /* VBMathParserTokenOperationPower.h */,
				5B34B5281C95A47B00270828 /* VBMathParserTokenOperationPower.m */,
				5B34B5291C95A47B00270828 /* VBMathParserTokenOperationSubstraction.h */,
				5B34B52A1C95A47B00270828 /* VBMathParserTokenOperationSubstraction.m */,
			);
			path = operation;
			sourceTree = "<group>";
		};
		5B34B52D1C95A47B00270828 /* const */ = {
			isa = PBXGroup;
			children = (
				5B34B52E1C95A47B00270828 /* VBMathParserTokenConst.h */,
				5B34B52F1C95A47B00270828 /* VBMathParserTokenConst.m */,
				5B34B5301C95A47B00270828 /* VBMathParserTokenConstPi.h */,
				5B34B5311C95A47B00270828 /* VBMathParserTokenConstPi.m */,
			);
			path = const;
			sourceTree = "<group>";
		};
		5B34B5321C95A47B00270828 /* number */ = {
			isa = PBXGroup;
			children = (
				5B34B5331C95A47B00270828 /* VBMathParserTokenNumber.h */,
				5B34B5341C95A47B00270828 /* VBMathParserTokenNumber.m */,
				5B34B5351C95A47B00270828 /* VBMathParserTokenString.h */,
				5B34B5361C95A47B00270828 /* VBMathParserTokenString.m */,
				5B34B5371C95A47B00270828 /* VBMathParserTokenVar.h */,
				5B34B5381C95A47B00270828 /* VBMathParserTokenVar.m */,
			);
			path = number;
			sourceTree = "<group>";
		};
		5B34B5391C95A47B00270828 /* special */ = {
			isa = PBXGroup;
			children = (
				5B34B53A1C95A47B00270828 /* VBMathParserTokenSpecial.h */,
				5B34B53B1C95A47B00270828 /* VBMathParserTokenSpecial.m */,
				5B34B53C1C95A47B00270828 /* VBMathParserTokenSpecialBracketClose.h */,
				5B34B53D1C95A47B00270828 /* VBMathParserTokenSpecialBracketClose.m */,
				5B34B53E1C95A47B00270828 /* VBMathParserTokenSpecialBracketOpen.h */,
				5B34B53F1C95A47B00270828 /* VBMathParserTokenSpecialBracketOpen.m */,
			);
			path = special;
			sourceTree = "<group>";
		};
		5B76277518D5D0A1009FF7E2 = {
			isa = PBXGroup;
			children = (
				5B34B4F31C95A47B00270828 /* VBMathParser */,
				5B76278718D5D0A1009FF7E2 /* VBMathParserExamples */,
				5B7627A018D5D0A2009FF7E2 /* VBMathParserExamplesTests */,
				5B76278018D5D0A1009FF7E2 /* Frameworks */,
				5B76277F18D5D0A1009FF7E2 /* Products */,
				D0007318571826A86779D6FC /* Pods */,
			);
			sourceTree = "<group>";
		};
		5B76277F18D5D0A1009FF7E2 /* Products */ = {
			isa = PBXGroup;
			children = (
				5B76277E18D5D0A1009FF7E2 /* VBMathParserExamples.app */,
				5B2DC8B61CCBC4E4004E3B3F /* VBMathParserExamplesTests.xctest */,
			);
			name = Products;
			sourceTree = "<group>";
		};
		5B76278018D5D0A1009FF7E2 /* Frameworks */ = {
			isa = PBXGroup;
			children = (
				5B76278118D5D0A1009FF7E2 /* Foundation.framework */,
				5B76278318D5D0A1009FF7E2 /* CoreGraphics.framework */,
				5B76278518D5D0A1009FF7E2 /* UIKit.framework */,
				5B76279A18D5D0A2009FF7E2 /* XCTest.framework */,
				32C7FC6B662772B2E27CB56B /* libPods.a */,
				051B2E4CEFFB1DC6F19BAD7A /* libPods-VBMathParserExamples-VBMathParserExamplesTests.a */,
				F7C9ECEBA269A8D001934079 /* libPods-VBMathParserExamples.a */,
				0FE83048C589ED9BC753EF6B /* libPods-VBMathParserExamplesTests.a */,
			);
			name = Frameworks;
			sourceTree = "<group>";
		};
		5B76278718D5D0A1009FF7E2 /* VBMathParserExamples */ = {
			isa = PBXGroup;
			children = (
				5B76279018D5D0A1009FF7E2 /* VBAppDelegate.h */,
				5B76279118D5D0A1009FF7E2 /* VBAppDelegate.m */,
				5B76279318D5D0A1009FF7E2 /* Images.xcassets */,
				5B76278818D5D0A1009FF7E2 /* Supporting Files */,
			);
			path = VBMathParserExamples;
			sourceTree = "<group>";
		};
		5B76278818D5D0A1009FF7E2 /* Supporting Files */ = {
			isa = PBXGroup;
			children = (
				5B76278918D5D0A1009FF7E2 /* VBMathParserExamples-Info.plist */,
				5B76278A18D5D0A1009FF7E2 /* InfoPlist.strings */,
				5B76278D18D5D0A1009FF7E2 /* main.m */,
				5B76278F18D5D0A1009FF7E2 /* VBMathParserExamples-Prefix.pch */,
			);
			name = "Supporting Files";
			sourceTree = "<group>";
		};
		5B7627A018D5D0A2009FF7E2 /* VBMathParserExamplesTests */ = {
			isa = PBXGroup;
			children = (
				5B47C1821CC3BCF8007333DE /* VBMathParserDefaultTokenFactoryTests.m */,
				5B47C1801CC3BC7E007333DE /* VBMathParserDefaultLexicalAnalyzerTests.m */,
				5BC6D2B11CCCC3DA00B142DE /* VBMathParserDefaultSyntaxAnalyzerTests.m */,
				5BC6D2B31CCCDAD900B142DE /* VBMathParserDefaultRPNCalculatorTests.m */,
				5BC6D2B61CCCEBD400B142DE /* VBMathParserTokenTests.m */,
				5B76281718D5FD9A009FF7E2 /* VBMathParserTests.m */,
				5B7627A118D5D0A2009FF7E2 /* Supporting Files */,
			);
			path = VBMathParserExamplesTests;
			sourceTree = "<group>";
		};
		5B7627A118D5D0A2009FF7E2 /* Supporting Files */ = {
			isa = PBXGroup;
			children = (
				5B7627A218D5D0A2009FF7E2 /* VBMathParserExamplesTests-Info.plist */,
				5B7627A318D5D0A2009FF7E2 /* InfoPlist.strings */,
			);
			name = "Supporting Files";
			sourceTree = "<group>";
		};
		D0007318571826A86779D6FC /* Pods */ = {
			isa = PBXGroup;
			children = (
				01E2E82861AB0B220C3116B8 /* Pods.debug.xcconfig */,
				2C2750AE3F7D8B5EFEFABADD /* Pods.release.xcconfig */,
				BA5BF569D494F59C7FBF587C /* Pods-VBMathParserExamples-VBMathParserExamplesTests.debug.xcconfig */,
				898A7FF5A1C49451B73EE837 /* Pods-VBMathParserExamples-VBMathParserExamplesTests.release.xcconfig */,
				FF819BE0D8FA08533A1EC5E8 /* Pods-VBMathParserExamples.debug.xcconfig */,
				1D7686AE4441104F09BA05E4 /* Pods-VBMathParserExamples.release.xcconfig */,
				36B804965A9E81F51C97C2D6 /* Pods-VBMathParserExamplesTests.debug.xcconfig */,
				4E3780637122D7734BFBF8F3 /* Pods-VBMathParserExamplesTests.release.xcconfig */,
			);
			name = Pods;
			sourceTree = "<group>";
		};
/* End PBXGroup section */

/* Begin PBXNativeTarget section */
		5B2DC8B51CCBC4E4004E3B3F /* VBMathParserExamplesTests */ = {
			isa = PBXNativeTarget;
			buildConfigurationList = 5B2DC8BD1CCBC4E5004E3B3F /* Build configuration list for PBXNativeTarget "VBMathParserExamplesTests" */;
			buildPhases = (
				EE6500F9F17AA86193D32317 /* 📦 Check Pods Manifest.lock */,
				5B2DC8B21CCBC4E4004E3B3F /* Sources */,
				5B2DC8B31CCBC4E4004E3B3F /* Frameworks */,
				5B2DC8B41CCBC4E4004E3B3F /* Resources */,
				D9FB1E7480E5378009566F1C /* 📦 Embed Pods Frameworks */,
				5766AEE5017F432C5C8F8509 /* 📦 Copy Pods Resources */,
			);
			buildRules = (
			);
			dependencies = (
				5B2DC8BC1CCBC4E5004E3B3F /* PBXTargetDependency */,
			);
			name = VBMathParserExamplesTests;
			productName = VBMathParserExamplesTests;
			productReference = 5B2DC8B61CCBC4E4004E3B3F /* VBMathParserExamplesTests.xctest */;
			productType = "com.apple.product-type.bundle.unit-test";
		};
		5B76277D18D5D0A1009FF7E2 /* VBMathParserExamples */ = {
			isa = PBXNativeTarget;
			buildConfigurationList = 5B7627AA18D5D0A2009FF7E2 /* Build configuration list for PBXNativeTarget "VBMathParserExamples" */;
			buildPhases = (
				FB3A733F18F1BECFD662FF77 /* 📦 Check Pods Manifest.lock */,
				5B76277A18D5D0A1009FF7E2 /* Sources */,
				5B76277B18D5D0A1009FF7E2 /* Frameworks */,
				5B76277C18D5D0A1009FF7E2 /* Resources */,
				69F129BB4A296F2461075CAD /* 📦 Copy Pods Resources */,
				E0942260997AD38052697CE8 /* 📦 Embed Pods Frameworks */,
			);
			buildRules = (
			);
			dependencies = (
			);
			name = VBMathParserExamples;
			productName = VBMathParserExamples;
			productReference = 5B76277E18D5D0A1009FF7E2 /* VBMathParserExamples.app */;
			productType = "com.apple.product-type.application";
		};
/* End PBXNativeTarget section */

/* Begin PBXProject section */
		5B76277618D5D0A1009FF7E2 /* Project object */ = {
			isa = PBXProject;
			attributes = {
				CLASSPREFIX = VB;
				LastUpgradeCheck = 0500;
				ORGANIZATIONNAME = "Valeriy Bezuglyy";
				TargetAttributes = {
					5B2DC8B51CCBC4E4004E3B3F = {
						CreatedOnToolsVersion = 7.1.1;
						TestTargetID = 5B76277D18D5D0A1009FF7E2;
					};
				};
			};
			buildConfigurationList = 5B76277918D5D0A1009FF7E2 /* Build configuration list for PBXProject "VBMathParserExamples" */;
			compatibilityVersion = "Xcode 3.2";
			developmentRegion = English;
			hasScannedForEncodings = 0;
			knownRegions = (
				en,
			);
			mainGroup = 5B76277518D5D0A1009FF7E2;
			productRefGroup = 5B76277F18D5D0A1009FF7E2 /* Products */;
			projectDirPath = "";
			projectRoot = "";
			targets = (
				5B76277D18D5D0A1009FF7E2 /* VBMathParserExamples */,
				5B2DC8B51CCBC4E4004E3B3F /* VBMathParserExamplesTests */,
			);
		};
/* End PBXProject section */

/* Begin PBXResourcesBuildPhase section */
		5B2DC8B41CCBC4E4004E3B3F /* Resources */ = {
			isa = PBXResourcesBuildPhase;
			buildActionMask = 2147483647;
			files = (
			);
			runOnlyForDeploymentPostprocessing = 0;
		};
		5B76277C18D5D0A1009FF7E2 /* Resources */ = {
			isa = PBXResourcesBuildPhase;
			buildActionMask = 2147483647;
			files = (
				5B76278C18D5D0A1009FF7E2 /* InfoPlist.strings in Resources */,
				5B76279418D5D0A1009FF7E2 /* Images.xcassets in Resources */,
			);
			runOnlyForDeploymentPostprocessing = 0;
		};
/* End PBXResourcesBuildPhase section */

/* Begin PBXShellScriptBuildPhase section */
		5766AEE5017F432C5C8F8509 /* 📦 Copy Pods Resources */ = {
			isa = PBXShellScriptBuildPhase;
			buildActionMask = 2147483647;
			files = (
			);
			inputPaths = (
			);
			name = "📦 Copy Pods Resources";
			outputPaths = (
			);
			runOnlyForDeploymentPostprocessing = 0;
			shellPath = /bin/sh;
			shellScript = "\"${SRCROOT}/Pods/Target Support Files/Pods-VBMathParserExamplesTests/Pods-VBMathParserExamplesTests-resources.sh\"\n";
			showEnvVarsInLog = 0;
		};
		69F129BB4A296F2461075CAD /* 📦 Copy Pods Resources */ = {
			isa = PBXShellScriptBuildPhase;
			buildActionMask = 2147483647;
			files = (
			);
			inputPaths = (
			);
			name = "📦 Copy Pods Resources";
			outputPaths = (
			);
			runOnlyForDeploymentPostprocessing = 0;
			shellPath = /bin/sh;
			shellScript = "\"${SRCROOT}/Pods/Target Support Files/Pods-VBMathParserExamples/Pods-VBMathParserExamples-resources.sh\"\n";
			showEnvVarsInLog = 0;
		};
		D9FB1E7480E5378009566F1C /* 📦 Embed Pods Frameworks */ = {
			isa = PBXShellScriptBuildPhase;
			buildActionMask = 2147483647;
			files = (
			);
			inputPaths = (
			);
			name = "📦 Embed Pods Frameworks";
			outputPaths = (
			);
			runOnlyForDeploymentPostprocessing = 0;
			shellPath = /bin/sh;
			shellScript = "\"${SRCROOT}/Pods/Target Support Files/Pods-VBMathParserExamplesTests/Pods-VBMathParserExamplesTests-frameworks.sh\"\n";
			showEnvVarsInLog = 0;
		};
		E0942260997AD38052697CE8 /* 📦 Embed Pods Frameworks */ = {
			isa = PBXShellScriptBuildPhase;
			buildActionMask = 2147483647;
			files = (
			);
			inputPaths = (
			);
			name = "📦 Embed Pods Frameworks";
			outputPaths = (
			);
			runOnlyForDeploymentPostprocessing = 0;
			shellPath = /bin/sh;
			shellScript = "\"${SRCROOT}/Pods/Target Support Files/Pods-VBMathParserExamples/Pods-VBMathParserExamples-frameworks.sh\"\n";
			showEnvVarsInLog = 0;
		};
		EE6500F9F17AA86193D32317 /* 📦 Check Pods Manifest.lock */ = {
			isa = PBXShellScriptBuildPhase;
			buildActionMask = 2147483647;
			files = (
			);
			inputPaths = (
			);
			name = "📦 Check Pods Manifest.lock";
			outputPaths = (
			);
			runOnlyForDeploymentPostprocessing = 0;
			shellPath = /bin/sh;
			shellScript = "diff \"${PODS_ROOT}/../Podfile.lock\" \"${PODS_ROOT}/Manifest.lock\" > /dev/null\nif [[ $? != 0 ]] ; then\n    cat << EOM\nerror: The sandbox is not in sync with the Podfile.lock. Run 'pod install' or update your CocoaPods installation.\nEOM\n    exit 1\nfi\n";
			showEnvVarsInLog = 0;
		};
		FB3A733F18F1BECFD662FF77 /* 📦 Check Pods Manifest.lock */ = {
			isa = PBXShellScriptBuildPhase;
			buildActionMask = 2147483647;
			files = (
			);
			inputPaths = (
			);
			name = "📦 Check Pods Manifest.lock";
			outputPaths = (
			);
			runOnlyForDeploymentPostprocessing = 0;
			shellPath = /bin/sh;
			shellScript = "diff \"${PODS_ROOT}/../Podfile.lock\" \"${PODS_ROOT}/Manifest.lock\" > /dev/null\nif [[ $? != 0 ]] ; then\n    cat << EOM\nerror: The sandbox is not in sync with the Podfile.lock. Run 'pod install' or update your CocoaPods installation.\nEOM\n    exit 1\nfi\n";
			showEnvVarsInLog = 0;
		};
/* End PBXShellScriptBuildPhase section */

/* Begin PBXSourcesBuildPhase section */
		5B2DC8B21CCBC4E4004E3B3F /* Sources */ = {
			isa = PBXSourcesBuildPhase;
			buildActionMask = 2147483647;
			files = (
				5B2DC8C01CCBC542004E3B3F /* VBMathParserDefaultLexicalAnalyzerTests.m in Sources */,
				5BC6D2B51CCCE2EC00B142DE /* VBMathParserTests.m in Sources */,
				5BC6D2B71CCCEBD400B142DE /* VBMathParserTokenTests.m in Sources */,
				5B2DC8C11CCBC544004E3B3F /* VBMathParserDefaultTokenFactoryTests.m in Sources */,
				5BC6D2B21CCCC3DA00B142DE /* VBMathParserDefaultSyntaxAnalyzerTests.m in Sources */,
				5BC6D2B41CCCDAD900B142DE /* VBMathParserDefaultRPNCalculatorTests.m in Sources */,
			);
			runOnlyForDeploymentPostprocessing = 0;
		};
		5B76277A18D5D0A1009FF7E2 /* Sources */ = {
			isa = PBXSourcesBuildPhase;
			buildActionMask = 2147483647;
			files = (
				5B34B5651C95A47B00270828 /* VBMathParserTokenSpecialBracketClose.m in Sources */,
				5B34B54C1C95A47B00270828 /* VBMathParserBracketNotOpenedException.m in Sources */,
				5B34B54B1C95A47B00270828 /* VBMathParserBracketNotClosedException.m in Sources */,
				5B76279218D5D0A1009FF7E2 /* VBAppDelegate.m in Sources */,
				5B34B5631C95A47B00270828 /* VBMathParserTokenVar.m in Sources */,
				5B34B5621C95A47B00270828 /* VBMathParserTokenString.m in Sources */,
				5B34B5471C95A47B00270828 /* VBMathParserDefaultRPNCalculator.m in Sources */,
				5B34B5641C95A47B00270828 /* VBMathParserTokenSpecial.m in Sources */,
				5B34B55D1C95A47B00270828 /* VBMathParserTokenOperationSubstraction.m in Sources */,
				5B34B5581C95A47B00270828 /* VBMathParserTokenOperation.m in Sources */,
				5B34B54D1C95A47B00270828 /* VBMathParserMissingTokenException.m in Sources */,
				5B34B5541C95A47B00270828 /* VBMathParserTokenFunctionAbs.m in Sources */,
				5B34B55A1C95A47B00270828 /* VBMathParserTokenOperationDivision.m in Sources */,
				5B34B5521C95A47B00270828 /* VBMathParserVarIsNotValidException.m in Sources */,
				5B34B5551C95A47B00270828 /* VBMathParserTokenFunctionCos.m in Sources */,
				5B34B55F1C95A47B00270828 /* VBMathParserTokenConst.m in Sources */,
				5B34B5501C95A47B00270828 /* VBMathParserUnknownTokenException.m in Sources */,
				5B34B55B1C95A47B00270828 /* VBMathParserTokenOperationMultiplication.m in Sources */,
				5B76278E18D5D0A1009FF7E2 /* main.m in Sources */,
				5B34B5661C95A47B00270828 /* VBMathParserTokenSpecialBracketOpen.m in Sources */,
				5B34B55C1C95A47B00270828 /* VBMathParserTokenOperationPower.m in Sources */,
				5B34B5601C95A47B00270828 /* VBMathParserTokenConstPi.m in Sources */,
				5B34B5611C95A47B00270828 /* VBMathParserTokenNumber.m in Sources */,
				5B34B5561C95A47B00270828 /* VBMathParserTokenFunctionSin.m in Sources */,
				5B34B5531C95A47B00270828 /* VBMathParserTokenFunction.m in Sources */,
				5B34B5481C95A47B00270828 /* VBMathParserDefaultLexicalAnalyzer.m in Sources */,
				5B34B5491C95A47B00270828 /* VBMathParserDefaultTokenFactory.m in Sources */,
				5B34B5591C95A47B00270828 /* VBMathParserTokenOperationAddition.m in Sources */,
				5B34B5671C95A47B00270828 /* VBMathParserToken.m in Sources */,
				5B34B54A1C95A47B00270828 /* VBMathParserDefaultSyntaxAnalyzer.m in Sources */,
				5B34B54E1C95A47B00270828 /* VBMathParserMissingValueForVarException.m in Sources */,
				5B34B5681C95A47B00270828 /* VBMathParser.m in Sources */,
				5B34B5511C95A47B00270828 /* VBMathParserVarIsNotStringException.m in Sources */,
				5B34B55E1C95A47B00270828 /* VBMathParserTokenAction.m in Sources */,
				5B34B5571C95A47B00270828 /* VBMathParserTokenFunctionTan.m in Sources */,
			);
			runOnlyForDeploymentPostprocessing = 0;
		};
/* End PBXSourcesBuildPhase section */

/* Begin PBXTargetDependency section */
		5B2DC8BC1CCBC4E5004E3B3F /* PBXTargetDependency */ = {
			isa = PBXTargetDependency;
			target = 5B76277D18D5D0A1009FF7E2 /* VBMathParserExamples */;
			targetProxy = 5B2DC8BB1CCBC4E5004E3B3F /* PBXContainerItemProxy */;
		};
/* End PBXTargetDependency section */

/* Begin PBXVariantGroup section */
		5B76278A18D5D0A1009FF7E2 /* InfoPlist.strings */ = {
			isa = PBXVariantGroup;
			children = (
				5B76278B18D5D0A1009FF7E2 /* en */,
			);
			name = InfoPlist.strings;
			sourceTree = "<group>";
		};
		5B7627A318D5D0A2009FF7E2 /* InfoPlist.strings */ = {
			isa = PBXVariantGroup;
			children = (
				5B7627A418D5D0A2009FF7E2 /* en */,
			);
			name = InfoPlist.strings;
			sourceTree = "<group>";
		};
/* End PBXVariantGroup section */

/* Begin XCBuildConfiguration section */
		5B2DC8BE1CCBC4E5004E3B3F /* Debug */ = {
			isa = XCBuildConfiguration;
			baseConfigurationReference = 36B804965A9E81F51C97C2D6 /* Pods-VBMathParserExamplesTests.debug.xcconfig */;
			buildSettings = {
				BUNDLE_LOADER = "$(TEST_HOST)";
				CLANG_WARN_UNREACHABLE_CODE = YES;
				DEBUG_INFORMATION_FORMAT = dwarf;
				ENABLE_STRICT_OBJC_MSGSEND = YES;
				ENABLE_TESTABILITY = YES;
				GCC_NO_COMMON_BLOCKS = YES;
				GCC_WARN_UNINITIALIZED_AUTOS = YES_AGGRESSIVE;
				INFOPLIST_FILE = VBMathParserExamplesTests/Info.plist;
				IPHONEOS_DEPLOYMENT_TARGET = 9.1;
				LD_RUNPATH_SEARCH_PATHS = "$(inherited) @executable_path/Frameworks @loader_path/Frameworks";
				MTL_ENABLE_DEBUG_INFO = YES;
				PRODUCT_BUNDLE_IDENTIFIER = com.examples.VBMathParserExamplesTests;
				PRODUCT_NAME = "$(TARGET_NAME)";
				TEST_HOST = "$(BUILT_PRODUCTS_DIR)/VBMathParserExamples.app/VBMathParserExamples";
			};
			name = Debug;
		};
		5B2DC8BF1CCBC4E5004E3B3F /* Release */ = {
			isa = XCBuildConfiguration;
			baseConfigurationReference = 4E3780637122D7734BFBF8F3 /* Pods-VBMathParserExamplesTests.release.xcconfig */;
			buildSettings = {
				BUNDLE_LOADER = "$(TEST_HOST)";
				CLANG_WARN_UNREACHABLE_CODE = YES;
				COPY_PHASE_STRIP = NO;
				DEBUG_INFORMATION_FORMAT = "dwarf-with-dsym";
				ENABLE_STRICT_OBJC_MSGSEND = YES;
				GCC_NO_COMMON_BLOCKS = YES;
				GCC_WARN_UNINITIALIZED_AUTOS = YES_AGGRESSIVE;
				INFOPLIST_FILE = VBMathParserExamplesTests/Info.plist;
				IPHONEOS_DEPLOYMENT_TARGET = 9.1;
				LD_RUNPATH_SEARCH_PATHS = "$(inherited) @executable_path/Frameworks @loader_path/Frameworks";
				MTL_ENABLE_DEBUG_INFO = NO;
				PRODUCT_BUNDLE_IDENTIFIER = com.examples.VBMathParserExamplesTests;
				PRODUCT_NAME = "$(TARGET_NAME)";
				TEST_HOST = "$(BUILT_PRODUCTS_DIR)/VBMathParserExamples.app/VBMathParserExamples";
			};
			name = Release;
		};
		5B7627A818D5D0A2009FF7E2 /* Debug */ = {
			isa = XCBuildConfiguration;
			buildSettings = {
				ALWAYS_SEARCH_USER_PATHS = NO;
				ARCHS = "$(ARCHS_STANDARD_INCLUDING_64_BIT)";
				CLANG_CXX_LANGUAGE_STANDARD = "gnu++0x";
				CLANG_CXX_LIBRARY = "libc++";
				CLANG_ENABLE_MODULES = YES;
				CLANG_ENABLE_OBJC_ARC = YES;
				CLANG_WARN_BOOL_CONVERSION = YES;
				CLANG_WARN_CONSTANT_CONVERSION = YES;
				CLANG_WARN_DIRECT_OBJC_ISA_USAGE = YES_ERROR;
				CLANG_WARN_EMPTY_BODY = YES;
				CLANG_WARN_ENUM_CONVERSION = YES;
				CLANG_WARN_INT_CONVERSION = YES;
				CLANG_WARN_OBJC_ROOT_CLASS = YES_ERROR;
				CLANG_WARN__DUPLICATE_METHOD_MATCH = YES;
				"CODE_SIGN_IDENTITY[sdk=iphoneos*]" = "iPhone Developer";
				COPY_PHASE_STRIP = NO;
				GCC_C_LANGUAGE_STANDARD = gnu99;
				GCC_DYNAMIC_NO_PIC = NO;
				GCC_OPTIMIZATION_LEVEL = 0;
				GCC_PREPROCESSOR_DEFINITIONS = (
					"DEBUG=1",
					"$(inherited)",
				);
				GCC_SYMBOLS_PRIVATE_EXTERN = NO;
				GCC_WARN_64_TO_32_BIT_CONVERSION = YES;
				GCC_WARN_ABOUT_RETURN_TYPE = YES_ERROR;
				GCC_WARN_UNDECLARED_SELECTOR = YES;
				GCC_WARN_UNINITIALIZED_AUTOS = YES;
				GCC_WARN_UNUSED_FUNCTION = YES;
				GCC_WARN_UNUSED_VARIABLE = YES;
				IPHONEOS_DEPLOYMENT_TARGET = 7.0;
				ONLY_ACTIVE_ARCH = YES;
				SDKROOT = iphoneos;
				TARGETED_DEVICE_FAMILY = "1,2";
			};
			name = Debug;
		};
		5B7627A918D5D0A2009FF7E2 /* Release */ = {
			isa = XCBuildConfiguration;
			buildSettings = {
				ALWAYS_SEARCH_USER_PATHS = NO;
				ARCHS = "$(ARCHS_STANDARD_INCLUDING_64_BIT)";
				CLANG_CXX_LANGUAGE_STANDARD = "gnu++0x";
				CLANG_CXX_LIBRARY = "libc++";
				CLANG_ENABLE_MODULES = YES;
				CLANG_ENABLE_OBJC_ARC = YES;
				CLANG_WARN_BOOL_CONVERSION = YES;
				CLANG_WARN_CONSTANT_CONVERSION = YES;
				CLANG_WARN_DIRECT_OBJC_ISA_USAGE = YES_ERROR;
				CLANG_WARN_EMPTY_BODY = YES;
				CLANG_WARN_ENUM_CONVERSION = YES;
				CLANG_WARN_INT_CONVERSION = YES;
				CLANG_WARN_OBJC_ROOT_CLASS = YES_ERROR;
				CLANG_WARN__DUPLICATE_METHOD_MATCH = YES;
				"CODE_SIGN_IDENTITY[sdk=iphoneos*]" = "iPhone Developer";
				COPY_PHASE_STRIP = YES;
				ENABLE_NS_ASSERTIONS = NO;
				GCC_C_LANGUAGE_STANDARD = gnu99;
				GCC_WARN_64_TO_32_BIT_CONVERSION = YES;
				GCC_WARN_ABOUT_RETURN_TYPE = YES_ERROR;
				GCC_WARN_UNDECLARED_SELECTOR = YES;
				GCC_WARN_UNINITIALIZED_AUTOS = YES;
				GCC_WARN_UNUSED_FUNCTION = YES;
				GCC_WARN_UNUSED_VARIABLE = YES;
				IPHONEOS_DEPLOYMENT_TARGET = 7.0;
				SDKROOT = iphoneos;
				TARGETED_DEVICE_FAMILY = "1,2";
				VALIDATE_PRODUCT = YES;
			};
			name = Release;
		};
		5B7627AB18D5D0A2009FF7E2 /* Debug */ = {
			isa = XCBuildConfiguration;
			baseConfigurationReference = FF819BE0D8FA08533A1EC5E8 /* Pods-VBMathParserExamples.debug.xcconfig */;
			buildSettings = {
				ASSETCATALOG_COMPILER_APPICON_NAME = AppIcon;
				ASSETCATALOG_COMPILER_LAUNCHIMAGE_NAME = LaunchImage;
				GCC_PRECOMPILE_PREFIX_HEADER = YES;
				GCC_PREFIX_HEADER = "VBMathParserExamples/VBMathParserExamples-Prefix.pch";
				INFOPLIST_FILE = "VBMathParserExamples/VBMathParserExamples-Info.plist";
				PRODUCT_NAME = "$(TARGET_NAME)";
				WRAPPER_EXTENSION = app;
			};
			name = Debug;
		};
		5B7627AC18D5D0A2009FF7E2 /* Release */ = {
			isa = XCBuildConfiguration;
			baseConfigurationReference = 1D7686AE4441104F09BA05E4 /* Pods-VBMathParserExamples.release.xcconfig */;
			buildSettings = {
				ASSETCATALOG_COMPILER_APPICON_NAME = AppIcon;
				ASSETCATALOG_COMPILER_LAUNCHIMAGE_NAME = LaunchImage;
				GCC_PRECOMPILE_PREFIX_HEADER = YES;
				GCC_PREFIX_HEADER = "VBMathParserExamples/VBMathParserExamples-Prefix.pch";
				INFOPLIST_FILE = "VBMathParserExamples/VBMathParserExamples-Info.plist";
				PRODUCT_NAME = "$(TARGET_NAME)";
				WRAPPER_EXTENSION = app;
			};
			name = Release;
		};
/* End XCBuildConfiguration section */

/* Begin XCConfigurationList section */
		5B2DC8BD1CCBC4E5004E3B3F /* Build configuration list for PBXNativeTarget "VBMathParserExamplesTests" */ = {
			isa = XCConfigurationList;
			buildConfigurations = (
				5B2DC8BE1CCBC4E5004E3B3F /* Debug */,
				5B2DC8BF1CCBC4E5004E3B3F /* Release */,
			);
			defaultConfigurationIsVisible = 0;
			defaultConfigurationName = Release;
		};
		5B76277918D5D0A1009FF7E2 /* Build configuration list for PBXProject "VBMathParserExamples" */ = {
			isa = XCConfigurationList;
			buildConfigurations = (
				5B7627A818D5D0A2009FF7E2 /* Debug */,
				5B7627A918D5D0A2009FF7E2 /* Release */,
			);
			defaultConfigurationIsVisible = 0;
			defaultConfigurationName = Release;
		};
		5B7627AA18D5D0A2009FF7E2 /* Build configuration list for PBXNativeTarget "VBMathParserExamples" */ = {
			isa = XCConfigurationList;
			buildConfigurations = (
				5B7627AB18D5D0A2009FF7E2 /* Debug */,
				5B7627AC18D5D0A2009FF7E2 /* Release */,
			);
			defaultConfigurationIsVisible = 0;
			defaultConfigurationName = Release;
		};
/* End XCConfigurationList section */
	};
	rootObject = 5B76277618D5D0A1009FF7E2 /* Project object */;
}
