// !$*UTF8*$!
{
	archiveVersion = 1;
	classes = {
	};
	objectVersion = 46;
	objects = {

/* Begin PBXBuildFile section */
		5B14D1F9191CBB0C008D7F17 /* VBMathParserTokenFunction.m in Sources */ = {isa = PBXBuildFile; fileRef = 5B14D1F8191CBB0C008D7F17 /* VBMathParserTokenFunction.m */; };
		5B1C71D71A0833A70096DBEE /* VBMathParserTokenSpecialBracketOpen.m in Sources */ = {isa = PBXBuildFile; fileRef = 5B1C71D61A0833A70096DBEE /* VBMathParserTokenSpecialBracketOpen.m */; };
		5B1C71DA1A0833FB0096DBEE /* VBMathParserTokenSpecialBracketClose.m in Sources */ = {isa = PBXBuildFile; fileRef = 5B1C71D91A0833FB0096DBEE /* VBMathParserTokenSpecialBracketClose.m */; };
		5B1DD873196345F700F22207 /* VBMathParserVarIsNotStringException.m in Sources */ = {isa = PBXBuildFile; fileRef = 5B1DD872196345F700F22207 /* VBMathParserVarIsNotStringException.m */; };
		5B1DD87619634A2600F22207 /* VBMathParserVarIsNotValidException.m in Sources */ = {isa = PBXBuildFile; fileRef = 5B1DD87519634A2600F22207 /* VBMathParserVarIsNotValidException.m */; };
		5B48258C1A08F76400CB793C /* VBMathParserTokenAction.m in Sources */ = {isa = PBXBuildFile; fileRef = 5B48258B1A08F76400CB793C /* VBMathParserTokenAction.m */; };
		5B4825901A0916A900CB793C /* VBMathParserTokenOperationAddition.m in Sources */ = {isa = PBXBuildFile; fileRef = 5B48258F1A0916A900CB793C /* VBMathParserTokenOperationAddition.m */; };
		5B4825931A091AAA00CB793C /* VBMathParserTokenOperationSubstraction.m in Sources */ = {isa = PBXBuildFile; fileRef = 5B4825921A091AAA00CB793C /* VBMathParserTokenOperationSubstraction.m */; };
		5B4825961A091B0900CB793C /* VBMathParserTokenOperationMultiplication.m in Sources */ = {isa = PBXBuildFile; fileRef = 5B4825951A091B0900CB793C /* VBMathParserTokenOperationMultiplication.m */; };
		5B4825991A091B4F00CB793C /* VBMathParserTokenOperationDivision.m in Sources */ = {isa = PBXBuildFile; fileRef = 5B4825981A091B4F00CB793C /* VBMathParserTokenOperationDivision.m */; };
		5B48259C1A091B8200CB793C /* VBMathParserTokenOperationPower.m in Sources */ = {isa = PBXBuildFile; fileRef = 5B48259B1A091B8200CB793C /* VBMathParserTokenOperationPower.m */; };
		5B62F668196052FE00CD0FE9 /* VBMathParserTokenConst.m in Sources */ = {isa = PBXBuildFile; fileRef = 5B62F667196052FE00CD0FE9 /* VBMathParserTokenConst.m */; };
		5B76278218D5D0A1009FF7E2 /* Foundation.framework in Frameworks */ = {isa = PBXBuildFile; fileRef = 5B76278118D5D0A1009FF7E2 /* Foundation.framework */; };
		5B76278418D5D0A1009FF7E2 /* CoreGraphics.framework in Frameworks */ = {isa = PBXBuildFile; fileRef = 5B76278318D5D0A1009FF7E2 /* CoreGraphics.framework */; };
		5B76278618D5D0A1009FF7E2 /* UIKit.framework in Frameworks */ = {isa = PBXBuildFile; fileRef = 5B76278518D5D0A1009FF7E2 /* UIKit.framework */; };
		5B76278C18D5D0A1009FF7E2 /* InfoPlist.strings in Resources */ = {isa = PBXBuildFile; fileRef = 5B76278A18D5D0A1009FF7E2 /* InfoPlist.strings */; };
		5B76278E18D5D0A1009FF7E2 /* main.m in Sources */ = {isa = PBXBuildFile; fileRef = 5B76278D18D5D0A1009FF7E2 /* main.m */; };
		5B76279218D5D0A1009FF7E2 /* VBAppDelegate.m in Sources */ = {isa = PBXBuildFile; fileRef = 5B76279118D5D0A1009FF7E2 /* VBAppDelegate.m */; };
		5B76279418D5D0A1009FF7E2 /* Images.xcassets in Resources */ = {isa = PBXBuildFile; fileRef = 5B76279318D5D0A1009FF7E2 /* Images.xcassets */; };
		5B76279B18D5D0A2009FF7E2 /* XCTest.framework in Frameworks */ = {isa = PBXBuildFile; fileRef = 5B76279A18D5D0A2009FF7E2 /* XCTest.framework */; };
		5B76279C18D5D0A2009FF7E2 /* Foundation.framework in Frameworks */ = {isa = PBXBuildFile; fileRef = 5B76278118D5D0A1009FF7E2 /* Foundation.framework */; };
		5B76279D18D5D0A2009FF7E2 /* UIKit.framework in Frameworks */ = {isa = PBXBuildFile; fileRef = 5B76278518D5D0A1009FF7E2 /* UIKit.framework */; };
		5B7627A518D5D0A2009FF7E2 /* InfoPlist.strings in Resources */ = {isa = PBXBuildFile; fileRef = 5B7627A318D5D0A2009FF7E2 /* InfoPlist.strings */; };
		5B7627B218D5D120009FF7E2 /* VBMathParserLexicalAnalyzerTests.m in Sources */ = {isa = PBXBuildFile; fileRef = 5B7627B018D5D120009FF7E2 /* VBMathParserLexicalAnalyzerTests.m */; };
		5B7627B318D5D120009FF7E2 /* VBMathParserSyntaxAnalyzerTests.m in Sources */ = {isa = PBXBuildFile; fileRef = 5B7627B118D5D120009FF7E2 /* VBMathParserSyntaxAnalyzerTests.m */; };
		5B76280418D5D3F5009FF7E2 /* VBMathParser.m in Sources */ = {isa = PBXBuildFile; fileRef = 5B7627E518D5D3F5009FF7E2 /* VBMathParser.m */; };
		5B76280518D5D3F5009FF7E2 /* VBMathParserLexicalAnalyzer.m in Sources */ = {isa = PBXBuildFile; fileRef = 5B7627E818D5D3F5009FF7E2 /* VBMathParserLexicalAnalyzer.m */; };
		5B76280618D5D3F5009FF7E2 /* VBMathParserRPNWorker.m in Sources */ = {isa = PBXBuildFile; fileRef = 5B7627EA18D5D3F5009FF7E2 /* VBMathParserRPNWorker.m */; };
		5B76280718D5D3F5009FF7E2 /* VBMathParserSyntaxAnalyzer.m in Sources */ = {isa = PBXBuildFile; fileRef = 5B7627EC18D5D3F5009FF7E2 /* VBMathParserSyntaxAnalyzer.m */; };
		5B76280818D5D3F5009FF7E2 /* VBStack.m in Sources */ = {isa = PBXBuildFile; fileRef = 5B7627EE18D5D3F5009FF7E2 /* VBStack.m */; };
		5B76280918D5D3F5009FF7E2 /* VBMathParserException.m in Sources */ = {isa = PBXBuildFile; fileRef = 5B7627F218D5D3F5009FF7E2 /* VBMathParserException.m */; };
		5B76280A18D5D3F5009FF7E2 /* VBMathParserBracketNotClosedException.m in Sources */ = {isa = PBXBuildFile; fileRef = 5B7627F418D5D3F5009FF7E2 /* VBMathParserBracketNotClosedException.m */; };
		5B76280B18D5D3F5009FF7E2 /* VBMathParserBracketNotOpenedException.m in Sources */ = {isa = PBXBuildFile; fileRef = 5B7627F618D5D3F5009FF7E2 /* VBMathParserBracketNotOpenedException.m */; };
		5B76280C18D5D3F5009FF7E2 /* VBMathParserMissingTokenException.m in Sources */ = {isa = PBXBuildFile; fileRef = 5B7627F818D5D3F5009FF7E2 /* VBMathParserMissingTokenException.m */; };
		5B76280D18D5D3F5009FF7E2 /* VBMathParserUnknownTokenException.m in Sources */ = {isa = PBXBuildFile; fileRef = 5B7627FA18D5D3F5009FF7E2 /* VBMathParserUnknownTokenException.m */; };
		5B76280E18D5D3F5009FF7E2 /* VBMathParserToken.m in Sources */ = {isa = PBXBuildFile; fileRef = 5B7627FD18D5D3F5009FF7E2 /* VBMathParserToken.m */; };
		5B76280F18D5D3F5009FF7E2 /* VBMathParserTokenNumber.m in Sources */ = {isa = PBXBuildFile; fileRef = 5B7627FF18D5D3F5009FF7E2 /* VBMathParserTokenNumber.m */; };
		5B76281018D5D3F5009FF7E2 /* VBMathParserTokenOperation.m in Sources */ = {isa = PBXBuildFile; fileRef = 5B76280118D5D3F5009FF7E2 /* VBMathParserTokenOperation.m */; };
		5B76281118D5D3F5009FF7E2 /* VBMathParserTokenSpecial.m in Sources */ = {isa = PBXBuildFile; fileRef = 5B76280318D5D3F5009FF7E2 /* VBMathParserTokenSpecial.m */; };
		5B76281818D5FD9A009FF7E2 /* VBMathParserTests.m in Sources */ = {isa = PBXBuildFile; fileRef = 5B76281718D5FD9A009FF7E2 /* VBMathParserTests.m */; };
		5B9CFFA31A0781DE00AE8A26 /* VBMathParserTokenConstPi.m in Sources */ = {isa = PBXBuildFile; fileRef = 5B9CFFA21A0781DE00AE8A26 /* VBMathParserTokenConstPi.m */; };
		5B9CFFA91A07B3F900AE8A26 /* VBMathParserNotImplementedException.m in Sources */ = {isa = PBXBuildFile; fileRef = 5B9CFFA81A07B3F900AE8A26 /* VBMathParserNotImplementedException.m */; };
		5BAED092195B506A00419603 /* VBMathParserTokenVar.m in Sources */ = {isa = PBXBuildFile; fileRef = 5BAED091195B506A00419603 /* VBMathParserTokenVar.m */; };
		5BCD6419195EF7EA000315EC /* VBMathParserMissingValueForVarException.m in Sources */ = {isa = PBXBuildFile; fileRef = 5BCD6418195EF7EA000315EC /* VBMathParserMissingValueForVarException.m */; };
/* End PBXBuildFile section */

/* Begin PBXContainerItemProxy section */
		5B76279E18D5D0A2009FF7E2 /* PBXContainerItemProxy */ = {
			isa = PBXContainerItemProxy;
			containerPortal = 5B76277618D5D0A1009FF7E2 /* Project object */;
			proxyType = 1;
			remoteGlobalIDString = 5B76277D18D5D0A1009FF7E2;
			remoteInfo = VBMathParserExamples;
		};
/* End PBXContainerItemProxy section */

/* Begin PBXFileReference section */
		5B14D1F7191CBB0C008D7F17 /* VBMathParserTokenFunction.h */ = {isa = PBXFileReference; fileEncoding = 4; lastKnownFileType = sourcecode.c.h; path = VBMathParserTokenFunction.h; sourceTree = "<group>"; };
		5B14D1F8191CBB0C008D7F17 /* VBMathParserTokenFunction.m */ = {isa = PBXFileReference; fileEncoding = 4; lastKnownFileType = sourcecode.c.objc; path = VBMathParserTokenFunction.m; sourceTree = "<group>"; };
		5B1C71D51A0833A70096DBEE /* VBMathParserTokenSpecialBracketOpen.h */ = {isa = PBXFileReference; fileEncoding = 4; lastKnownFileType = sourcecode.c.h; path = VBMathParserTokenSpecialBracketOpen.h; sourceTree = "<group>"; };
		5B1C71D61A0833A70096DBEE /* VBMathParserTokenSpecialBracketOpen.m */ = {isa = PBXFileReference; fileEncoding = 4; lastKnownFileType = sourcecode.c.objc; path = VBMathParserTokenSpecialBracketOpen.m; sourceTree = "<group>"; };
		5B1C71D81A0833FB0096DBEE /* VBMathParserTokenSpecialBracketClose.h */ = {isa = PBXFileReference; fileEncoding = 4; lastKnownFileType = sourcecode.c.h; path = VBMathParserTokenSpecialBracketClose.h; sourceTree = "<group>"; };
		5B1C71D91A0833FB0096DBEE /* VBMathParserTokenSpecialBracketClose.m */ = {isa = PBXFileReference; fileEncoding = 4; lastKnownFileType = sourcecode.c.objc; path = VBMathParserTokenSpecialBracketClose.m; sourceTree = "<group>"; };
		5B1DD871196345F700F22207 /* VBMathParserVarIsNotStringException.h */ = {isa = PBXFileReference; fileEncoding = 4; lastKnownFileType = sourcecode.c.h; path = VBMathParserVarIsNotStringException.h; sourceTree = "<group>"; };
		5B1DD872196345F700F22207 /* VBMathParserVarIsNotStringException.m */ = {isa = PBXFileReference; fileEncoding = 4; lastKnownFileType = sourcecode.c.objc; path = VBMathParserVarIsNotStringException.m; sourceTree = "<group>"; };
		5B1DD87419634A2600F22207 /* VBMathParserVarIsNotValidException.h */ = {isa = PBXFileReference; fileEncoding = 4; lastKnownFileType = sourcecode.c.h; path = VBMathParserVarIsNotValidException.h; sourceTree = "<group>"; };
		5B1DD87519634A2600F22207 /* VBMathParserVarIsNotValidException.m */ = {isa = PBXFileReference; fileEncoding = 4; lastKnownFileType = sourcecode.c.objc; path = VBMathParserVarIsNotValidException.m; sourceTree = "<group>"; };
		5B48258A1A08F76400CB793C /* VBMathParserTokenAction.h */ = {isa = PBXFileReference; fileEncoding = 4; lastKnownFileType = sourcecode.c.h; path = VBMathParserTokenAction.h; sourceTree = "<group>"; };
		5B48258B1A08F76400CB793C /* VBMathParserTokenAction.m */ = {isa = PBXFileReference; fileEncoding = 4; lastKnownFileType = sourcecode.c.objc; path = VBMathParserTokenAction.m; sourceTree = "<group>"; };
		5B48258E1A0916A900CB793C /* VBMathParserTokenOperationAddition.h */ = {isa = PBXFileReference; fileEncoding = 4; lastKnownFileType = sourcecode.c.h; path = VBMathParserTokenOperationAddition.h; sourceTree = "<group>"; };
		5B48258F1A0916A900CB793C /* VBMathParserTokenOperationAddition.m */ = {isa = PBXFileReference; fileEncoding = 4; lastKnownFileType = sourcecode.c.objc; path = VBMathParserTokenOperationAddition.m; sourceTree = "<group>"; };
		5B4825911A091AAA00CB793C /* VBMathParserTokenOperationSubstraction.h */ = {isa = PBXFileReference; fileEncoding = 4; lastKnownFileType = sourcecode.c.h; path = VBMathParserTokenOperationSubstraction.h; sourceTree = "<group>"; };
		5B4825921A091AAA00CB793C /* VBMathParserTokenOperationSubstraction.m */ = {isa = PBXFileReference; fileEncoding = 4; lastKnownFileType = sourcecode.c.objc; path = VBMathParserTokenOperationSubstraction.m; sourceTree = "<group>"; };
		5B4825941A091B0900CB793C /* VBMathParserTokenOperationMultiplication.h */ = {isa = PBXFileReference; fileEncoding = 4; lastKnownFileType = sourcecode.c.h; path = VBMathParserTokenOperationMultiplication.h; sourceTree = "<group>"; };
		5B4825951A091B0900CB793C /* VBMathParserTokenOperationMultiplication.m */ = {isa = PBXFileReference; fileEncoding = 4; lastKnownFileType = sourcecode.c.objc; path = VBMathParserTokenOperationMultiplication.m; sourceTree = "<group>"; };
		5B4825971A091B4F00CB793C /* VBMathParserTokenOperationDivision.h */ = {isa = PBXFileReference; fileEncoding = 4; lastKnownFileType = sourcecode.c.h; path = VBMathParserTokenOperationDivision.h; sourceTree = "<group>"; };
		5B4825981A091B4F00CB793C /* VBMathParserTokenOperationDivision.m */ = {isa = PBXFileReference; fileEncoding = 4; lastKnownFileType = sourcecode.c.objc; path = VBMathParserTokenOperationDivision.m; sourceTree = "<group>"; };
		5B48259A1A091B8200CB793C /* VBMathParserTokenOperationPower.h */ = {isa = PBXFileReference; fileEncoding = 4; lastKnownFileType = sourcecode.c.h; path = VBMathParserTokenOperationPower.h; sourceTree = "<group>"; };
		5B48259B1A091B8200CB793C /* VBMathParserTokenOperationPower.m */ = {isa = PBXFileReference; fileEncoding = 4; lastKnownFileType = sourcecode.c.objc; path = VBMathParserTokenOperationPower.m; sourceTree = "<group>"; };
		5B62F666196052FE00CD0FE9 /* VBMathParserTokenConst.h */ = {isa = PBXFileReference; fileEncoding = 4; lastKnownFileType = sourcecode.c.h; path = VBMathParserTokenConst.h; sourceTree = "<group>"; };
		5B62F667196052FE00CD0FE9 /* VBMathParserTokenConst.m */ = {isa = PBXFileReference; fileEncoding = 4; lastKnownFileType = sourcecode.c.objc; path = VBMathParserTokenConst.m; sourceTree = "<group>"; };
		5B76277E18D5D0A1009FF7E2 /* VBMathParserExamples.app */ = {isa = PBXFileReference; explicitFileType = wrapper.application; includeInIndex = 0; path = VBMathParserExamples.app; sourceTree = BUILT_PRODUCTS_DIR; };
		5B76278118D5D0A1009FF7E2 /* Foundation.framework */ = {isa = PBXFileReference; lastKnownFileType = wrapper.framework; name = Foundation.framework; path = System/Library/Frameworks/Foundation.framework; sourceTree = SDKROOT; };
		5B76278318D5D0A1009FF7E2 /* CoreGraphics.framework */ = {isa = PBXFileReference; lastKnownFileType = wrapper.framework; name = CoreGraphics.framework; path = System/Library/Frameworks/CoreGraphics.framework; sourceTree = SDKROOT; };
		5B76278518D5D0A1009FF7E2 /* UIKit.framework */ = {isa = PBXFileReference; lastKnownFileType = wrapper.framework; name = UIKit.framework; path = System/Library/Frameworks/UIKit.framework; sourceTree = SDKROOT; };
		5B76278918D5D0A1009FF7E2 /* VBMathParserExamples-Info.plist */ = {isa = PBXFileReference; lastKnownFileType = text.plist.xml; path = "VBMathParserExamples-Info.plist"; sourceTree = "<group>"; };
		5B76278B18D5D0A1009FF7E2 /* en */ = {isa = PBXFileReference; lastKnownFileType = text.plist.strings; name = en; path = en.lproj/InfoPlist.strings; sourceTree = "<group>"; };
		5B76278D18D5D0A1009FF7E2 /* main.m */ = {isa = PBXFileReference; lastKnownFileType = sourcecode.c.objc; path = main.m; sourceTree = "<group>"; };
		5B76278F18D5D0A1009FF7E2 /* VBMathParserExamples-Prefix.pch */ = {isa = PBXFileReference; lastKnownFileType = sourcecode.c.h; path = "VBMathParserExamples-Prefix.pch"; sourceTree = "<group>"; };
		5B76279018D5D0A1009FF7E2 /* VBAppDelegate.h */ = {isa = PBXFileReference; lastKnownFileType = sourcecode.c.h; path = VBAppDelegate.h; sourceTree = "<group>"; };
		5B76279118D5D0A1009FF7E2 /* VBAppDelegate.m */ = {isa = PBXFileReference; lastKnownFileType = sourcecode.c.objc; path = VBAppDelegate.m; sourceTree = "<group>"; };
		5B76279318D5D0A1009FF7E2 /* Images.xcassets */ = {isa = PBXFileReference; lastKnownFileType = folder.assetcatalog; path = Images.xcassets; sourceTree = "<group>"; };
		5B76279918D5D0A2009FF7E2 /* VBMathParserExamplesTests.xctest */ = {isa = PBXFileReference; explicitFileType = wrapper.cfbundle; includeInIndex = 0; path = VBMathParserExamplesTests.xctest; sourceTree = BUILT_PRODUCTS_DIR; };
		5B76279A18D5D0A2009FF7E2 /* XCTest.framework */ = {isa = PBXFileReference; lastKnownFileType = wrapper.framework; name = XCTest.framework; path = Library/Frameworks/XCTest.framework; sourceTree = DEVELOPER_DIR; };
		5B7627A218D5D0A2009FF7E2 /* VBMathParserExamplesTests-Info.plist */ = {isa = PBXFileReference; lastKnownFileType = text.plist.xml; path = "VBMathParserExamplesTests-Info.plist"; sourceTree = "<group>"; };
		5B7627A418D5D0A2009FF7E2 /* en */ = {isa = PBXFileReference; lastKnownFileType = text.plist.strings; name = en; path = en.lproj/InfoPlist.strings; sourceTree = "<group>"; };
		5B7627B018D5D120009FF7E2 /* VBMathParserLexicalAnalyzerTests.m */ = {isa = PBXFileReference; fileEncoding = 4; lastKnownFileType = sourcecode.c.objc; path = VBMathParserLexicalAnalyzerTests.m; sourceTree = "<group>"; };
		5B7627B118D5D120009FF7E2 /* VBMathParserSyntaxAnalyzerTests.m */ = {isa = PBXFileReference; fileEncoding = 4; lastKnownFileType = sourcecode.c.objc; path = VBMathParserSyntaxAnalyzerTests.m; sourceTree = "<group>"; };
		5B7627E418D5D3F5009FF7E2 /* VBMathParser.h */ = {isa = PBXFileReference; fileEncoding = 4; lastKnownFileType = sourcecode.c.h; path = VBMathParser.h; sourceTree = "<group>"; };
		5B7627E518D5D3F5009FF7E2 /* VBMathParser.m */ = {isa = PBXFileReference; fileEncoding = 4; lastKnownFileType = sourcecode.c.objc; path = VBMathParser.m; sourceTree = "<group>"; };
		5B7627E718D5D3F5009FF7E2 /* VBMathParserLexicalAnalyzer.h */ = {isa = PBXFileReference; fileEncoding = 4; lastKnownFileType = sourcecode.c.h; path = VBMathParserLexicalAnalyzer.h; sourceTree = "<group>"; };
		5B7627E818D5D3F5009FF7E2 /* VBMathParserLexicalAnalyzer.m */ = {isa = PBXFileReference; fileEncoding = 4; lastKnownFileType = sourcecode.c.objc; path = VBMathParserLexicalAnalyzer.m; sourceTree = "<group>"; };
		5B7627E918D5D3F5009FF7E2 /* VBMathParserRPNWorker.h */ = {isa = PBXFileReference; fileEncoding = 4; lastKnownFileType = sourcecode.c.h; path = VBMathParserRPNWorker.h; sourceTree = "<group>"; };
		5B7627EA18D5D3F5009FF7E2 /* VBMathParserRPNWorker.m */ = {isa = PBXFileReference; fileEncoding = 4; lastKnownFileType = sourcecode.c.objc; path = VBMathParserRPNWorker.m; sourceTree = "<group>"; };
		5B7627EB18D5D3F5009FF7E2 /* VBMathParserSyntaxAnalyzer.h */ = {isa = PBXFileReference; fileEncoding = 4; lastKnownFileType = sourcecode.c.h; path = VBMathParserSyntaxAnalyzer.h; sourceTree = "<group>"; };
		5B7627EC18D5D3F5009FF7E2 /* VBMathParserSyntaxAnalyzer.m */ = {isa = PBXFileReference; fileEncoding = 4; lastKnownFileType = sourcecode.c.objc; path = VBMathParserSyntaxAnalyzer.m; sourceTree = "<group>"; };
		5B7627ED18D5D3F5009FF7E2 /* VBStack.h */ = {isa = PBXFileReference; fileEncoding = 4; lastKnownFileType = sourcecode.c.h; path = VBStack.h; sourceTree = "<group>"; };
		5B7627EE18D5D3F5009FF7E2 /* VBStack.m */ = {isa = PBXFileReference; fileEncoding = 4; lastKnownFileType = sourcecode.c.objc; path = VBStack.m; sourceTree = "<group>"; };
		5B7627EF18D5D3F5009FF7E2 /* VBMathParserDefines.h */ = {isa = PBXFileReference; fileEncoding = 4; lastKnownFileType = sourcecode.c.h; path = VBMathParserDefines.h; sourceTree = "<group>"; };
		5B7627F118D5D3F5009FF7E2 /* VBMathParserException.h */ = {isa = PBXFileReference; fileEncoding = 4; lastKnownFileType = sourcecode.c.h; path = VBMathParserException.h; sourceTree = "<group>"; };
		5B7627F218D5D3F5009FF7E2 /* VBMathParserException.m */ = {isa = PBXFileReference; fileEncoding = 4; lastKnownFileType = sourcecode.c.objc; path = VBMathParserException.m; sourceTree = "<group>"; };
		5B7627F318D5D3F5009FF7E2 /* VBMathParserBracketNotClosedException.h */ = {isa = PBXFileReference; fileEncoding = 4; lastKnownFileType = sourcecode.c.h; path = VBMathParserBracketNotClosedException.h; sourceTree = "<group>"; };
		5B7627F418D5D3F5009FF7E2 /* VBMathParserBracketNotClosedException.m */ = {isa = PBXFileReference; fileEncoding = 4; lastKnownFileType = sourcecode.c.objc; path = VBMathParserBracketNotClosedException.m; sourceTree = "<group>"; };
		5B7627F518D5D3F5009FF7E2 /* VBMathParserBracketNotOpenedException.h */ = {isa = PBXFileReference; fileEncoding = 4; lastKnownFileType = sourcecode.c.h; path = VBMathParserBracketNotOpenedException.h; sourceTree = "<group>"; };
		5B7627F618D5D3F5009FF7E2 /* VBMathParserBracketNotOpenedException.m */ = {isa = PBXFileReference; fileEncoding = 4; lastKnownFileType = sourcecode.c.objc; path = VBMathParserBracketNotOpenedException.m; sourceTree = "<group>"; };
		5B7627F718D5D3F5009FF7E2 /* VBMathParserMissingTokenException.h */ = {isa = PBXFileReference; fileEncoding = 4; lastKnownFileType = sourcecode.c.h; path = VBMathParserMissingTokenException.h; sourceTree = "<group>"; };
		5B7627F818D5D3F5009FF7E2 /* VBMathParserMissingTokenException.m */ = {isa = PBXFileReference; fileEncoding = 4; lastKnownFileType = sourcecode.c.objc; path = VBMathParserMissingTokenException.m; sourceTree = "<group>"; };
		5B7627F918D5D3F5009FF7E2 /* VBMathParserUnknownTokenException.h */ = {isa = PBXFileReference; fileEncoding = 4; lastKnownFileType = sourcecode.c.h; path = VBMathParserUnknownTokenException.h; sourceTree = "<group>"; };
		5B7627FA18D5D3F5009FF7E2 /* VBMathParserUnknownTokenException.m */ = {isa = PBXFileReference; fileEncoding = 4; lastKnownFileType = sourcecode.c.objc; path = VBMathParserUnknownTokenException.m; sourceTree = "<group>"; };
		5B7627FC18D5D3F5009FF7E2 /* VBMathParserToken.h */ = {isa = PBXFileReference; fileEncoding = 4; lastKnownFileType = sourcecode.c.h; path = VBMathParserToken.h; sourceTree = "<group>"; };
		5B7627FD18D5D3F5009FF7E2 /* VBMathParserToken.m */ = {isa = PBXFileReference; fileEncoding = 4; lastKnownFileType = sourcecode.c.objc; path = VBMathParserToken.m; sourceTree = "<group>"; };
		5B7627FE18D5D3F5009FF7E2 /* VBMathParserTokenNumber.h */ = {isa = PBXFileReference; fileEncoding = 4; lastKnownFileType = sourcecode.c.h; path = VBMathParserTokenNumber.h; sourceTree = "<group>"; };
		5B7627FF18D5D3F5009FF7E2 /* VBMathParserTokenNumber.m */ = {isa = PBXFileReference; fileEncoding = 4; lastKnownFileType = sourcecode.c.objc; path = VBMathParserTokenNumber.m; sourceTree = "<group>"; };
		5B76280018D5D3F5009FF7E2 /* VBMathParserTokenOperation.h */ = {isa = PBXFileReference; fileEncoding = 4; lastKnownFileType = sourcecode.c.h; path = VBMathParserTokenOperation.h; sourceTree = "<group>"; };
		5B76280118D5D3F5009FF7E2 /* VBMathParserTokenOperation.m */ = {isa = PBXFileReference; fileEncoding = 4; lastKnownFileType = sourcecode.c.objc; path = VBMathParserTokenOperation.m; sourceTree = "<group>"; };
		5B76280218D5D3F5009FF7E2 /* VBMathParserTokenSpecial.h */ = {isa = PBXFileReference; fileEncoding = 4; lastKnownFileType = sourcecode.c.h; path = VBMathParserTokenSpecial.h; sourceTree = "<group>"; };
		5B76280318D5D3F5009FF7E2 /* VBMathParserTokenSpecial.m */ = {isa = PBXFileReference; fileEncoding = 4; lastKnownFileType = sourcecode.c.objc; path = VBMathParserTokenSpecial.m; sourceTree = "<group>"; };
		5B76281718D5FD9A009FF7E2 /* VBMathParserTests.m */ = {isa = PBXFileReference; fileEncoding = 4; lastKnownFileType = sourcecode.c.objc; path = VBMathParserTests.m; sourceTree = "<group>"; };
		5B9CFFA11A0781DE00AE8A26 /* VBMathParserTokenConstPi.h */ = {isa = PBXFileReference; fileEncoding = 4; lastKnownFileType = sourcecode.c.h; path = VBMathParserTokenConstPi.h; sourceTree = "<group>"; };
		5B9CFFA21A0781DE00AE8A26 /* VBMathParserTokenConstPi.m */ = {isa = PBXFileReference; fileEncoding = 4; lastKnownFileType = sourcecode.c.objc; path = VBMathParserTokenConstPi.m; sourceTree = "<group>"; };
		5B9CFFA71A07B3F900AE8A26 /* VBMathParserNotImplementedException.h */ = {isa = PBXFileReference; fileEncoding = 4; lastKnownFileType = sourcecode.c.h; path = VBMathParserNotImplementedException.h; sourceTree = "<group>"; };
		5B9CFFA81A07B3F900AE8A26 /* VBMathParserNotImplementedException.m */ = {isa = PBXFileReference; fileEncoding = 4; lastKnownFileType = sourcecode.c.objc; path = VBMathParserNotImplementedException.m; sourceTree = "<group>"; };
		5BAED090195B506A00419603 /* VBMathParserTokenVar.h */ = {isa = PBXFileReference; fileEncoding = 4; lastKnownFileType = sourcecode.c.h; path = VBMathParserTokenVar.h; sourceTree = "<group>"; };
		5BAED091195B506A00419603 /* VBMathParserTokenVar.m */ = {isa = PBXFileReference; fileEncoding = 4; lastKnownFileType = sourcecode.c.objc; path = VBMathParserTokenVar.m; sourceTree = "<group>"; };
		5BCD6417195EF7EA000315EC /* VBMathParserMissingValueForVarException.h */ = {isa = PBXFileReference; fileEncoding = 4; lastKnownFileType = sourcecode.c.h; path = VBMathParserMissingValueForVarException.h; sourceTree = "<group>"; };
		5BCD6418195EF7EA000315EC /* VBMathParserMissingValueForVarException.m */ = {isa = PBXFileReference; fileEncoding = 4; lastKnownFileType = sourcecode.c.objc; path = VBMathParserMissingValueForVarException.m; sourceTree = "<group>"; };
/* End PBXFileReference section */

/* Begin PBXFrameworksBuildPhase section */
		5B76277B18D5D0A1009FF7E2 /* Frameworks */ = {
			isa = PBXFrameworksBuildPhase;
			buildActionMask = 2147483647;
			files = (
				5B76278418D5D0A1009FF7E2 /* CoreGraphics.framework in Frameworks */,
				5B76278618D5D0A1009FF7E2 /* UIKit.framework in Frameworks */,
				5B76278218D5D0A1009FF7E2 /* Foundation.framework in Frameworks */,
			);
			runOnlyForDeploymentPostprocessing = 0;
		};
		5B76279618D5D0A2009FF7E2 /* Frameworks */ = {
			isa = PBXFrameworksBuildPhase;
			buildActionMask = 2147483647;
			files = (
				5B76279B18D5D0A2009FF7E2 /* XCTest.framework in Frameworks */,
				5B76279D18D5D0A2009FF7E2 /* UIKit.framework in Frameworks */,
				5B76279C18D5D0A2009FF7E2 /* Foundation.framework in Frameworks */,
			);
			runOnlyForDeploymentPostprocessing = 0;
		};
/* End PBXFrameworksBuildPhase section */

/* Begin PBXGroup section */
		5B1C71DB1A0834B70096DBEE /* action */ = {
			isa = PBXGroup;
			children = (
				5B48258A1A08F76400CB793C /* VBMathParserTokenAction.h */,
				5B48258B1A08F76400CB793C /* VBMathParserTokenAction.m */,
				5B48258D1A0914A100CB793C /* operation */,
			);
			name = action;
			sourceTree = "<group>";
		};
		5B48258D1A0914A100CB793C /* operation */ = {
			isa = PBXGroup;
			children = (
				5B76280018D5D3F5009FF7E2 /* VBMathParserTokenOperation.h */,
				5B76280118D5D3F5009FF7E2 /* VBMathParserTokenOperation.m */,
				5B48258E1A0916A900CB793C /* VBMathParserTokenOperationAddition.h */,
				5B48258F1A0916A900CB793C /* VBMathParserTokenOperationAddition.m */,
				5B4825911A091AAA00CB793C /* VBMathParserTokenOperationSubstraction.h */,
				5B4825921A091AAA00CB793C /* VBMathParserTokenOperationSubstraction.m */,
				5B4825941A091B0900CB793C /* VBMathParserTokenOperationMultiplication.h */,
				5B4825951A091B0900CB793C /* VBMathParserTokenOperationMultiplication.m */,
				5B4825971A091B4F00CB793C /* VBMathParserTokenOperationDivision.h */,
				5B4825981A091B4F00CB793C /* VBMathParserTokenOperationDivision.m */,
				5B48259A1A091B8200CB793C /* VBMathParserTokenOperationPower.h */,
				5B48259B1A091B8200CB793C /* VBMathParserTokenOperationPower.m */,
			);
			name = operation;
			sourceTree = "<group>";
		};
		5B49196A1A07BD89009F7C98 /* const */ = {
			isa = PBXGroup;
			children = (
				5B62F666196052FE00CD0FE9 /* VBMathParserTokenConst.h */,
				5B62F667196052FE00CD0FE9 /* VBMathParserTokenConst.m */,
				5B9CFFA11A0781DE00AE8A26 /* VBMathParserTokenConstPi.h */,
				5B9CFFA21A0781DE00AE8A26 /* VBMathParserTokenConstPi.m */,
			);
			name = const;
			sourceTree = "<group>";
		};
		5B49196B1A07BD92009F7C98 /* number */ = {
			isa = PBXGroup;
			children = (
				5B7627FE18D5D3F5009FF7E2 /* VBMathParserTokenNumber.h */,
				5B7627FF18D5D3F5009FF7E2 /* VBMathParserTokenNumber.m */,
				5BAED090195B506A00419603 /* VBMathParserTokenVar.h */,
				5BAED091195B506A00419603 /* VBMathParserTokenVar.m */,
			);
			name = number;
			sourceTree = "<group>";
		};
		5B49196C1A07BD98009F7C98 /* special */ = {
			isa = PBXGroup;
			children = (
				5B76280218D5D3F5009FF7E2 /* VBMathParserTokenSpecial.h */,
				5B76280318D5D3F5009FF7E2 /* VBMathParserTokenSpecial.m */,
				5B1C71D51A0833A70096DBEE /* VBMathParserTokenSpecialBracketOpen.h */,
				5B1C71D61A0833A70096DBEE /* VBMathParserTokenSpecialBracketOpen.m */,
				5B1C71D81A0833FB0096DBEE /* VBMathParserTokenSpecialBracketClose.h */,
				5B1C71D91A0833FB0096DBEE /* VBMathParserTokenSpecialBracketClose.m */,
			);
			name = special;
			sourceTree = "<group>";
		};
		5B76277518D5D0A1009FF7E2 = {
			isa = PBXGroup;
			children = (
				5B7627E318D5D3F5009FF7E2 /* VBMathParser */,
				5B76278718D5D0A1009FF7E2 /* VBMathParserExamples */,
				5B7627A018D5D0A2009FF7E2 /* VBMathParserExamplesTests */,
				5B76278018D5D0A1009FF7E2 /* Frameworks */,
				5B76277F18D5D0A1009FF7E2 /* Products */,
			);
			sourceTree = "<group>";
		};
		5B76277F18D5D0A1009FF7E2 /* Products */ = {
			isa = PBXGroup;
			children = (
				5B76277E18D5D0A1009FF7E2 /* VBMathParserExamples.app */,
				5B76279918D5D0A2009FF7E2 /* VBMathParserExamplesTests.xctest */,
			);
			name = Products;
			sourceTree = "<group>";
		};
		5B76278018D5D0A1009FF7E2 /* Frameworks */ = {
			isa = PBXGroup;
			children = (
				5B76278118D5D0A1009FF7E2 /* Foundation.framework */,
				5B76278318D5D0A1009FF7E2 /* CoreGraphics.framework */,
				5B76278518D5D0A1009FF7E2 /* UIKit.framework */,
				5B76279A18D5D0A2009FF7E2 /* XCTest.framework */,
			);
			name = Frameworks;
			sourceTree = "<group>";
		};
		5B76278718D5D0A1009FF7E2 /* VBMathParserExamples */ = {
			isa = PBXGroup;
			children = (
				5B76279018D5D0A1009FF7E2 /* VBAppDelegate.h */,
				5B76279118D5D0A1009FF7E2 /* VBAppDelegate.m */,
				5B76279318D5D0A1009FF7E2 /* Images.xcassets */,
				5B76278818D5D0A1009FF7E2 /* Supporting Files */,
			);
			path = VBMathParserExamples;
			sourceTree = "<group>";
		};
		5B76278818D5D0A1009FF7E2 /* Supporting Files */ = {
			isa = PBXGroup;
			children = (
				5B76278918D5D0A1009FF7E2 /* VBMathParserExamples-Info.plist */,
				5B76278A18D5D0A1009FF7E2 /* InfoPlist.strings */,
				5B76278D18D5D0A1009FF7E2 /* main.m */,
				5B76278F18D5D0A1009FF7E2 /* VBMathParserExamples-Prefix.pch */,
			);
			name = "Supporting Files";
			sourceTree = "<group>";
		};
		5B7627A018D5D0A2009FF7E2 /* VBMathParserExamplesTests */ = {
			isa = PBXGroup;
			children = (
				5B7627B018D5D120009FF7E2 /* VBMathParserLexicalAnalyzerTests.m */,
				5B7627B118D5D120009FF7E2 /* VBMathParserSyntaxAnalyzerTests.m */,
				5B76281718D5FD9A009FF7E2 /* VBMathParserTests.m */,
				5B7627A118D5D0A2009FF7E2 /* Supporting Files */,
			);
			path = VBMathParserExamplesTests;
			sourceTree = "<group>";
		};
		5B7627A118D5D0A2009FF7E2 /* Supporting Files */ = {
			isa = PBXGroup;
			children = (
				5B7627A218D5D0A2009FF7E2 /* VBMathParserExamplesTests-Info.plist */,
				5B7627A318D5D0A2009FF7E2 /* InfoPlist.strings */,
			);
			name = "Supporting Files";
			sourceTree = "<group>";
		};
		5B7627E318D5D3F5009FF7E2 /* VBMathParser */ = {
			isa = PBXGroup;
			children = (
				5B7627EF18D5D3F5009FF7E2 /* VBMathParserDefines.h */,
				5B7627E418D5D3F5009FF7E2 /* VBMathParser.h */,
				5B7627E518D5D3F5009FF7E2 /* VBMathParser.m */,
				5B7627E618D5D3F5009FF7E2 /* VBMathParserAnalyzers */,
				5B7627F018D5D3F5009FF7E2 /* VBMathParserExceptions */,
				5B7627FB18D5D3F5009FF7E2 /* VBMathParserTokens */,
			);
			path = VBMathParser;
			sourceTree = "<group>";
		};
		5B7627E618D5D3F5009FF7E2 /* VBMathParserAnalyzers */ = {
			isa = PBXGroup;
			children = (
				5B7627E718D5D3F5009FF7E2 /* VBMathParserLexicalAnalyzer.h */,
				5B7627E818D5D3F5009FF7E2 /* VBMathParserLexicalAnalyzer.m */,
				5B7627EB18D5D3F5009FF7E2 /* VBMathParserSyntaxAnalyzer.h */,
				5B7627EC18D5D3F5009FF7E2 /* VBMathParserSyntaxAnalyzer.m */,
				5B7627E918D5D3F5009FF7E2 /* VBMathParserRPNWorker.h */,
				5B7627EA18D5D3F5009FF7E2 /* VBMathParserRPNWorker.m */,
				5B7627ED18D5D3F5009FF7E2 /* VBStack.h */,
				5B7627EE18D5D3F5009FF7E2 /* VBStack.m */,
			);
			path = VBMathParserAnalyzers;
			sourceTree = "<group>";
		};
		5B7627F018D5D3F5009FF7E2 /* VBMathParserExceptions */ = {
			isa = PBXGroup;
			children = (
				5B7627F118D5D3F5009FF7E2 /* VBMathParserException.h */,
				5B7627F218D5D3F5009FF7E2 /* VBMathParserException.m */,
				5B7627F318D5D3F5009FF7E2 /* VBMathParserBracketNotClosedException.h */,
				5B7627F418D5D3F5009FF7E2 /* VBMathParserBracketNotClosedException.m */,
				5B7627F518D5D3F5009FF7E2 /* VBMathParserBracketNotOpenedException.h */,
				5B7627F618D5D3F5009FF7E2 /* VBMathParserBracketNotOpenedException.m */,
				5B7627F718D5D3F5009FF7E2 /* VBMathParserMissingTokenException.h */,
				5B7627F818D5D3F5009FF7E2 /* VBMathParserMissingTokenException.m */,
				5B7627F918D5D3F5009FF7E2 /* VBMathParserUnknownTokenException.h */,
				5B7627FA18D5D3F5009FF7E2 /* VBMathParserUnknownTokenException.m */,
				5BCD6417195EF7EA000315EC /* VBMathParserMissingValueForVarException.h */,
				5BCD6418195EF7EA000315EC /* VBMathParserMissingValueForVarException.m */,
				5B1DD871196345F700F22207 /* VBMathParserVarIsNotStringException.h */,
				5B1DD872196345F700F22207 /* VBMathParserVarIsNotStringException.m */,
				5B1DD87419634A2600F22207 /* VBMathParserVarIsNotValidException.h */,
				5B1DD87519634A2600F22207 /* VBMathParserVarIsNotValidException.m */,
				5B9CFFA71A07B3F900AE8A26 /* VBMathParserNotImplementedException.h */,
				5B9CFFA81A07B3F900AE8A26 /* VBMathParserNotImplementedException.m */,
			);
			path = VBMathParserExceptions;
			sourceTree = "<group>";
		};
		5B7627FB18D5D3F5009FF7E2 /* VBMathParserTokens */ = {
			isa = PBXGroup;
			children = (
				5B7627FC18D5D3F5009FF7E2 /* VBMathParserToken.h */,
				5B7627FD18D5D3F5009FF7E2 /* VBMathParserToken.m */,
				5B49196B1A07BD92009F7C98 /* number */,
				5B49196A1A07BD89009F7C98 /* const */,
				5B49196C1A07BD98009F7C98 /* special */,
				5B1C71DB1A0834B70096DBEE /* action */,
				5B14D1F7191CBB0C008D7F17 /* VBMathParserTokenFunction.h */,
				5B14D1F8191CBB0C008D7F17 /* VBMathParserTokenFunction.m */,
			);
			path = VBMathParserTokens;
			sourceTree = "<group>";
		};
/* End PBXGroup section */

/* Begin PBXNativeTarget section */
		5B76277D18D5D0A1009FF7E2 /* VBMathParserExamples */ = {
			isa = PBXNativeTarget;
			buildConfigurationList = 5B7627AA18D5D0A2009FF7E2 /* Build configuration list for PBXNativeTarget "VBMathParserExamples" */;
			buildPhases = (
				5B76277A18D5D0A1009FF7E2 /* Sources */,
				5B76277B18D5D0A1009FF7E2 /* Frameworks */,
				5B76277C18D5D0A1009FF7E2 /* Resources */,
			);
			buildRules = (
			);
			dependencies = (
			);
			name = VBMathParserExamples;
			productName = VBMathParserExamples;
			productReference = 5B76277E18D5D0A1009FF7E2 /* VBMathParserExamples.app */;
			productType = "com.apple.product-type.application";
		};
		5B76279818D5D0A2009FF7E2 /* VBMathParserExamplesTests */ = {
			isa = PBXNativeTarget;
			buildConfigurationList = 5B7627AD18D5D0A2009FF7E2 /* Build configuration list for PBXNativeTarget "VBMathParserExamplesTests" */;
			buildPhases = (
				5B76279518D5D0A2009FF7E2 /* Sources */,
				5B76279618D5D0A2009FF7E2 /* Frameworks */,
				5B76279718D5D0A2009FF7E2 /* Resources */,
			);
			buildRules = (
			);
			dependencies = (
				5B76279F18D5D0A2009FF7E2 /* PBXTargetDependency */,
			);
			name = VBMathParserExamplesTests;
			productName = VBMathParserExamplesTests;
			productReference = 5B76279918D5D0A2009FF7E2 /* VBMathParserExamplesTests.xctest */;
			productType = "com.apple.product-type.bundle.unit-test";
		};
/* End PBXNativeTarget section */

/* Begin PBXProject section */
		5B76277618D5D0A1009FF7E2 /* Project object */ = {
			isa = PBXProject;
			attributes = {
				CLASSPREFIX = VB;
				LastUpgradeCheck = 0500;
				ORGANIZATIONNAME = "Valeriy Bezuglyy";
				TargetAttributes = {
					5B76279818D5D0A2009FF7E2 = {
						TestTargetID = 5B76277D18D5D0A1009FF7E2;
					};
				};
			};
			buildConfigurationList = 5B76277918D5D0A1009FF7E2 /* Build configuration list for PBXProject "VBMathParserExamples" */;
			compatibilityVersion = "Xcode 3.2";
			developmentRegion = English;
			hasScannedForEncodings = 0;
			knownRegions = (
				en,
			);
			mainGroup = 5B76277518D5D0A1009FF7E2;
			productRefGroup = 5B76277F18D5D0A1009FF7E2 /* Products */;
			projectDirPath = "";
			projectRoot = "";
			targets = (
				5B76277D18D5D0A1009FF7E2 /* VBMathParserExamples */,
				5B76279818D5D0A2009FF7E2 /* VBMathParserExamplesTests */,
			);
		};
/* End PBXProject section */

/* Begin PBXResourcesBuildPhase section */
		5B76277C18D5D0A1009FF7E2 /* Resources */ = {
			isa = PBXResourcesBuildPhase;
			buildActionMask = 2147483647;
			files = (
				5B76278C18D5D0A1009FF7E2 /* InfoPlist.strings in Resources */,
				5B76279418D5D0A1009FF7E2 /* Images.xcassets in Resources */,
			);
			runOnlyForDeploymentPostprocessing = 0;
		};
		5B76279718D5D0A2009FF7E2 /* Resources */ = {
			isa = PBXResourcesBuildPhase;
			buildActionMask = 2147483647;
			files = (
				5B7627A518D5D0A2009FF7E2 /* InfoPlist.strings in Resources */,
			);
			runOnlyForDeploymentPostprocessing = 0;
		};
/* End PBXResourcesBuildPhase section */

/* Begin PBXSourcesBuildPhase section */
		5B76277A18D5D0A1009FF7E2 /* Sources */ = {
			isa = PBXSourcesBuildPhase;
			buildActionMask = 2147483647;
			files = (
				5B1C71DA1A0833FB0096DBEE /* VBMathParserTokenSpecialBracketClose.m in Sources */,
				5B76279218D5D0A1009FF7E2 /* VBAppDelegate.m in Sources */,
				5B76280718D5D3F5009FF7E2 /* VBMathParserSyntaxAnalyzer.m in Sources */,
				5B1C71D71A0833A70096DBEE /* VBMathParserTokenSpecialBracketOpen.m in Sources */,
				5B76278E18D5D0A1009FF7E2 /* main.m in Sources */,
				5B4825991A091B4F00CB793C /* VBMathParserTokenOperationDivision.m in Sources */,
				5B9CFFA91A07B3F900AE8A26 /* VBMathParserNotImplementedException.m in Sources */,
				5B4825961A091B0900CB793C /* VBMathParserTokenOperationMultiplication.m in Sources */,
				5BCD6419195EF7EA000315EC /* VBMathParserMissingValueForVarException.m in Sources */,
				5B76280618D5D3F5009FF7E2 /* VBMathParserRPNWorker.m in Sources */,
				5B48258C1A08F76400CB793C /* VBMathParserTokenAction.m in Sources */,
				5B76280818D5D3F5009FF7E2 /* VBStack.m in Sources */,
				5B76280F18D5D3F5009FF7E2 /* VBMathParserTokenNumber.m in Sources */,
				5B76281118D5D3F5009FF7E2 /* VBMathParserTokenSpecial.m in Sources */,
				5B76280D18D5D3F5009FF7E2 /* VBMathParserUnknownTokenException.m in Sources */,
				5B14D1F9191CBB0C008D7F17 /* VBMathParserTokenFunction.m in Sources */,
				5B76280418D5D3F5009FF7E2 /* VBMathParser.m in Sources */,
				5BAED092195B506A00419603 /* VBMathParserTokenVar.m in Sources */,
				5B4825901A0916A900CB793C /* VBMathParserTokenOperationAddition.m in Sources */,
				5B76280518D5D3F5009FF7E2 /* VBMathParserLexicalAnalyzer.m in Sources */,
				5B1DD87619634A2600F22207 /* VBMathParserVarIsNotValidException.m in Sources */,
				5B76281018D5D3F5009FF7E2 /* VBMathParserTokenOperation.m in Sources */,
				5B1DD873196345F700F22207 /* VBMathParserVarIsNotStringException.m in Sources */,
				5B76280E18D5D3F5009FF7E2 /* VBMathParserToken.m in Sources */,
				5B76280C18D5D3F5009FF7E2 /* VBMathParserMissingTokenException.m in Sources */,
				5B4825931A091AAA00CB793C /* VBMathParserTokenOperationSubstraction.m in Sources */,
				5B76280918D5D3F5009FF7E2 /* VBMathParserException.m in Sources */,
				5B9CFFA31A0781DE00AE8A26 /* VBMathParserTokenConstPi.m in Sources */,
				5B76280B18D5D3F5009FF7E2 /* VBMathParserBracketNotOpenedException.m in Sources */,
				5B62F668196052FE00CD0FE9 /* VBMathParserTokenConst.m in Sources */,
				5B48259C1A091B8200CB793C /* VBMathParserTokenOperationPower.m in Sources */,
				5B76280A18D5D3F5009FF7E2 /* VBMathParserBracketNotClosedException.m in Sources */,
			);
			runOnlyForDeploymentPostprocessing = 0;
		};
		5B76279518D5D0A2009FF7E2 /* Sources */ = {
			isa = PBXSourcesBuildPhase;
			buildActionMask = 2147483647;
			files = (
				5B76281818D5FD9A009FF7E2 /* VBMathParserTests.m in Sources */,
				5B7627B218D5D120009FF7E2 /* VBMathParserLexicalAnalyzerTests.m in Sources */,
				5B7627B318D5D120009FF7E2 /* VBMathParserSyntaxAnalyzerTests.m in Sources */,
			);
			runOnlyForDeploymentPostprocessing = 0;
		};
/* End PBXSourcesBuildPhase section */

/* Begin PBXTargetDependency section */
		5B76279F18D5D0A2009FF7E2 /* PBXTargetDependency */ = {
			isa = PBXTargetDependency;
			target = 5B76277D18D5D0A1009FF7E2 /* VBMathParserExamples */;
			targetProxy = 5B76279E18D5D0A2009FF7E2 /* PBXContainerItemProxy */;
		};
/* End PBXTargetDependency section */

/* Begin PBXVariantGroup section */
		5B76278A18D5D0A1009FF7E2 /* InfoPlist.strings */ = {
			isa = PBXVariantGroup;
			children = (
				5B76278B18D5D0A1009FF7E2 /* en */,
			);
			name = InfoPlist.strings;
			sourceTree = "<group>";
		};
		5B7627A318D5D0A2009FF7E2 /* InfoPlist.strings */ = {
			isa = PBXVariantGroup;
			children = (
				5B7627A418D5D0A2009FF7E2 /* en */,
			);
			name = InfoPlist.strings;
			sourceTree = "<group>";
		};
/* End PBXVariantGroup section */

/* Begin XCBuildConfiguration section */
		5B7627A818D5D0A2009FF7E2 /* Debug */ = {
			isa = XCBuildConfiguration;
			buildSettings = {
				ALWAYS_SEARCH_USER_PATHS = NO;
				ARCHS = "$(ARCHS_STANDARD_INCLUDING_64_BIT)";
				CLANG_CXX_LANGUAGE_STANDARD = "gnu++0x";
				CLANG_CXX_LIBRARY = "libc++";
				CLANG_ENABLE_MODULES = YES;
				CLANG_ENABLE_OBJC_ARC = YES;
				CLANG_WARN_BOOL_CONVERSION = YES;
				CLANG_WARN_CONSTANT_CONVERSION = YES;
				CLANG_WARN_DIRECT_OBJC_ISA_USAGE = YES_ERROR;
				CLANG_WARN_EMPTY_BODY = YES;
				CLANG_WARN_ENUM_CONVERSION = YES;
				CLANG_WARN_INT_CONVERSION = YES;
				CLANG_WARN_OBJC_ROOT_CLASS = YES_ERROR;
				CLANG_WARN__DUPLICATE_METHOD_MATCH = YES;
				"CODE_SIGN_IDENTITY[sdk=iphoneos*]" = "iPhone Developer";
				COPY_PHASE_STRIP = NO;
				GCC_C_LANGUAGE_STANDARD = gnu99;
				GCC_DYNAMIC_NO_PIC = NO;
				GCC_OPTIMIZATION_LEVEL = 0;
				GCC_PREPROCESSOR_DEFINITIONS = (
					"DEBUG=1",
					"$(inherited)",
				);
				GCC_SYMBOLS_PRIVATE_EXTERN = NO;
				GCC_WARN_64_TO_32_BIT_CONVERSION = YES;
				GCC_WARN_ABOUT_RETURN_TYPE = YES_ERROR;
				GCC_WARN_UNDECLARED_SELECTOR = YES;
				GCC_WARN_UNINITIALIZED_AUTOS = YES;
				GCC_WARN_UNUSED_FUNCTION = YES;
				GCC_WARN_UNUSED_VARIABLE = YES;
				IPHONEOS_DEPLOYMENT_TARGET = 7.0;
				ONLY_ACTIVE_ARCH = YES;
				SDKROOT = iphoneos;
				TARGETED_DEVICE_FAMILY = "1,2";
			};
			name = Debug;
		};
		5B7627A918D5D0A2009FF7E2 /* Release */ = {
			isa = XCBuildConfiguration;
			buildSettings = {
				ALWAYS_SEARCH_USER_PATHS = NO;
				ARCHS = "$(ARCHS_STANDARD_INCLUDING_64_BIT)";
				CLANG_CXX_LANGUAGE_STANDARD = "gnu++0x";
				CLANG_CXX_LIBRARY = "libc++";
				CLANG_ENABLE_MODULES = YES;
				CLANG_ENABLE_OBJC_ARC = YES;
				CLANG_WARN_BOOL_CONVERSION = YES;
				CLANG_WARN_CONSTANT_CONVERSION = YES;
				CLANG_WARN_DIRECT_OBJC_ISA_USAGE = YES_ERROR;
				CLANG_WARN_EMPTY_BODY = YES;
				CLANG_WARN_ENUM_CONVERSION = YES;
				CLANG_WARN_INT_CONVERSION = YES;
				CLANG_WARN_OBJC_ROOT_CLASS = YES_ERROR;
				CLANG_WARN__DUPLICATE_METHOD_MATCH = YES;
				"CODE_SIGN_IDENTITY[sdk=iphoneos*]" = "iPhone Developer";
				COPY_PHASE_STRIP = YES;
				ENABLE_NS_ASSERTIONS = NO;
				GCC_C_LANGUAGE_STANDARD = gnu99;
				GCC_WARN_64_TO_32_BIT_CONVERSION = YES;
				GCC_WARN_ABOUT_RETURN_TYPE = YES_ERROR;
				GCC_WARN_UNDECLARED_SELECTOR = YES;
				GCC_WARN_UNINITIALIZED_AUTOS = YES;
				GCC_WARN_UNUSED_FUNCTION = YES;
				GCC_WARN_UNUSED_VARIABLE = YES;
				IPHONEOS_DEPLOYMENT_TARGET = 7.0;
				SDKROOT = iphoneos;
				TARGETED_DEVICE_FAMILY = "1,2";
				VALIDATE_PRODUCT = YES;
			};
			name = Release;
		};
		5B7627AB18D5D0A2009FF7E2 /* Debug */ = {
			isa = XCBuildConfiguration;
			buildSettings = {
				ASSETCATALOG_COMPILER_APPICON_NAME = AppIcon;
				ASSETCATALOG_COMPILER_LAUNCHIMAGE_NAME = LaunchImage;
				GCC_PRECOMPILE_PREFIX_HEADER = YES;
				GCC_PREFIX_HEADER = "VBMathParserExamples/VBMathParserExamples-Prefix.pch";
				INFOPLIST_FILE = "VBMathParserExamples/VBMathParserExamples-Info.plist";
				PRODUCT_NAME = "$(TARGET_NAME)";
				WRAPPER_EXTENSION = app;
			};
			name = Debug;
		};
		5B7627AC18D5D0A2009FF7E2 /* Release */ = {
			isa = XCBuildConfiguration;
			buildSettings = {
				ASSETCATALOG_COMPILER_APPICON_NAME = AppIcon;
				ASSETCATALOG_COMPILER_LAUNCHIMAGE_NAME = LaunchImage;
				GCC_PRECOMPILE_PREFIX_HEADER = YES;
				GCC_PREFIX_HEADER = "VBMathParserExamples/VBMathParserExamples-Prefix.pch";
				INFOPLIST_FILE = "VBMathParserExamples/VBMathParserExamples-Info.plist";
				PRODUCT_NAME = "$(TARGET_NAME)";
				WRAPPER_EXTENSION = app;
			};
			name = Release;
		};
		5B7627AE18D5D0A2009FF7E2 /* Debug */ = {
			isa = XCBuildConfiguration;
			buildSettings = {
				ARCHS = "$(ARCHS_STANDARD_INCLUDING_64_BIT)";
				BUNDLE_LOADER = "$(BUILT_PRODUCTS_DIR)/VBMathParserExamples.app/VBMathParserExamples";
				FRAMEWORK_SEARCH_PATHS = (
					"$(SDKROOT)/Developer/Library/Frameworks",
					"$(inherited)",
					"$(DEVELOPER_FRAMEWORKS_DIR)",
				);
				GCC_PRECOMPILE_PREFIX_HEADER = YES;
				GCC_PREFIX_HEADER = "VBMathParserExamples/VBMathParserExamples-Prefix.pch";
				GCC_PREPROCESSOR_DEFINITIONS = (
					"DEBUG=1",
					"$(inherited)",
				);
				INFOPLIST_FILE = "VBMathParserExamplesTests/VBMathParserExamplesTests-Info.plist";
				PRODUCT_NAME = "$(TARGET_NAME)";
				TEST_HOST = "$(BUNDLE_LOADER)";
				WRAPPER_EXTENSION = xctest;
			};
			name = Debug;
		};
		5B7627AF18D5D0A2009FF7E2 /* Release */ = {
			isa = XCBuildConfiguration;
			buildSettings = {
				ARCHS = "$(ARCHS_STANDARD_INCLUDING_64_BIT)";
				BUNDLE_LOADER = "$(BUILT_PRODUCTS_DIR)/VBMathParserExamples.app/VBMathParserExamples";
				FRAMEWORK_SEARCH_PATHS = (
					"$(SDKROOT)/Developer/Library/Frameworks",
					"$(inherited)",
					"$(DEVELOPER_FRAMEWORKS_DIR)",
				);
				GCC_PRECOMPILE_PREFIX_HEADER = YES;
				GCC_PREFIX_HEADER = "VBMathParserExamples/VBMathParserExamples-Prefix.pch";
				INFOPLIST_FILE = "VBMathParserExamplesTests/VBMathParserExamplesTests-Info.plist";
				PRODUCT_NAME = "$(TARGET_NAME)";
				TEST_HOST = "$(BUNDLE_LOADER)";
				WRAPPER_EXTENSION = xctest;
			};
			name = Release;
		};
/* End XCBuildConfiguration section */

/* Begin XCConfigurationList section */
		5B76277918D5D0A1009FF7E2 /* Build configuration list for PBXProject "VBMathParserExamples" */ = {
			isa = XCConfigurationList;
			buildConfigurations = (
				5B7627A818D5D0A2009FF7E2 /* Debug */,
				5B7627A918D5D0A2009FF7E2 /* Release */,
			);
			defaultConfigurationIsVisible = 0;
			defaultConfigurationName = Release;
		};
		5B7627AA18D5D0A2009FF7E2 /* Build configuration list for PBXNativeTarget "VBMathParserExamples" */ = {
			isa = XCConfigurationList;
			buildConfigurations = (
				5B7627AB18D5D0A2009FF7E2 /* Debug */,
				5B7627AC18D5D0A2009FF7E2 /* Release */,
			);
			defaultConfigurationIsVisible = 0;
			defaultConfigurationName = Release;
		};
		5B7627AD18D5D0A2009FF7E2 /* Build configuration list for PBXNativeTarget "VBMathParserExamplesTests" */ = {
			isa = XCConfigurationList;
			buildConfigurations = (
				5B7627AE18D5D0A2009FF7E2 /* Debug */,
				5B7627AF18D5D0A2009FF7E2 /* Release */,
			);
			defaultConfigurationIsVisible = 0;
			defaultConfigurationName = Release;
		};
/* End XCConfigurationList section */
	};
	rootObject = 5B76277618D5D0A1009FF7E2 /* Project object */;
}
